// !$*UTF8*$!
{
	archiveVersion = 1;
	classes = {
	};
	objectVersion = 51;
	objects = {

/* Begin PBXBuildFile section */
		0601E330238FAEEF00403C95 /* background.jpg in Resources */ = {isa = PBXBuildFile; fileRef = 0601E1AA238FAEEE00403C95 /* background.jpg */; };
		0601E49C238FAEF000403C95 /* SignInViewController.m in Sources */ = {isa = PBXBuildFile; fileRef = 0601E319238FAEEF00403C95 /* SignInViewController.m */; };
		0601E49D238FAEF000403C95 /* WelcomeViewController.m in Sources */ = {isa = PBXBuildFile; fileRef = 0601E31C238FAEEF00403C95 /* WelcomeViewController.m */; };
		0608E3CE23BF3180000EE8B1 /* rate.png in Resources */ = {isa = PBXBuildFile; fileRef = 0608E3CC23BF3180000EE8B1 /* rate.png */; };
		0608E3CF23BF3180000EE8B1 /* unrate.png in Resources */ = {isa = PBXBuildFile; fileRef = 0608E3CD23BF3180000EE8B1 /* unrate.png */; };
		0612A380239617C100A82BB9 /* NoticeViewController.m in Sources */ = {isa = PBXBuildFile; fileRef = 0612A37F239617C100A82BB9 /* NoticeViewController.m */; };
		0612A384239617DA00A82BB9 /* InformationViewController.m in Sources */ = {isa = PBXBuildFile; fileRef = 0612A383239617DA00A82BB9 /* InformationViewController.m */; };
		0612A38623961D7E00A82BB9 /* NoticeCell.xib in Resources */ = {isa = PBXBuildFile; fileRef = 0612A38523961D7E00A82BB9 /* NoticeCell.xib */; };
		0612A38823961D8A00A82BB9 /* CouponCell.xib in Resources */ = {isa = PBXBuildFile; fileRef = 0612A38723961D8A00A82BB9 /* CouponCell.xib */; };
		0612A38B23961DA800A82BB9 /* NoticeTableViewCell.m in Sources */ = {isa = PBXBuildFile; fileRef = 0612A38A23961DA800A82BB9 /* NoticeTableViewCell.m */; };
		0612A38E23961DB900A82BB9 /* CouponTableViewCell.m in Sources */ = {isa = PBXBuildFile; fileRef = 0612A38D23961DB900A82BB9 /* CouponTableViewCell.m */; };
		0612A390239621AE00A82BB9 /* InformationCell.xib in Resources */ = {isa = PBXBuildFile; fileRef = 0612A38F239621AE00A82BB9 /* InformationCell.xib */; };
		0612A393239621F500A82BB9 /* InformationTableViewCell.m in Sources */ = {isa = PBXBuildFile; fileRef = 0612A392239621F500A82BB9 /* InformationTableViewCell.m */; };
		0612A3992396531500A82BB9 /* NoticeDetailViewController.m in Sources */ = {isa = PBXBuildFile; fileRef = 0612A3982396531500A82BB9 /* NoticeDetailViewController.m */; };
		0612A39C239657E700A82BB9 /* InformationDetailViewController.m in Sources */ = {isa = PBXBuildFile; fileRef = 0612A39B239657E700A82BB9 /* InformationDetailViewController.m */; };
		06222E24239E489C00AE24C5 /* TextDetailPopupController.m in Sources */ = {isa = PBXBuildFile; fileRef = 06222E23239E489C00AE24C5 /* TextDetailPopupController.m */; };
		06222E27239E4A7200AE24C5 /* PopupView.m in Sources */ = {isa = PBXBuildFile; fileRef = 06222E26239E4A7200AE24C5 /* PopupView.m */; };
		06222E2A239E64F100AE24C5 /* Order.m in Sources */ = {isa = PBXBuildFile; fileRef = 06222E29239E64F100AE24C5 /* Order.m */; };
		0633A786239109E60094219D /* HomeViewController.m in Sources */ = {isa = PBXBuildFile; fileRef = 0633A785239109E60094219D /* HomeViewController.m */; };
		0633A78A239113080094219D /* OTPCheckViewController.m in Sources */ = {isa = PBXBuildFile; fileRef = 0633A789239113080094219D /* OTPCheckViewController.m */; };
		0633A793239117E00094219D /* LoginWithPasswordViewController.m in Sources */ = {isa = PBXBuildFile; fileRef = 0633A792239117E00094219D /* LoginWithPasswordViewController.m */; };
		063A1C3A23BDA04100456CBC /* giatsofa.png in Resources */ = {isa = PBXBuildFile; fileRef = 063A1C3623BDA04000456CBC /* giatsofa.png */; };
		063A1C3B23BDA04100456CBC /* dungdinhky.png in Resources */ = {isa = PBXBuildFile; fileRef = 063A1C3723BDA04000456CBC /* dungdinhky.png */; };
		063A1C3C23BDA04100456CBC /* tongvesinh.png in Resources */ = {isa = PBXBuildFile; fileRef = 063A1C3823BDA04100456CBC /* tongvesinh.png */; };
		063A1C3D23BDA04100456CBC /* dungle.png in Resources */ = {isa = PBXBuildFile; fileRef = 063A1C3923BDA04100456CBC /* dungle.png */; };
		063A1C4023BDA53F00456CBC /* JButton.m in Sources */ = {isa = PBXBuildFile; fileRef = 063A1C3F23BDA53F00456CBC /* JButton.m */; };
		064B1FA023C70430006DC513 /* ExtendService.xib in Resources */ = {isa = PBXBuildFile; fileRef = 064B1F9F23C70430006DC513 /* ExtendService.xib */; };
		064B1FA323C70445006DC513 /* ExtentServiceTableViewCell.m in Sources */ = {isa = PBXBuildFile; fileRef = 064B1FA223C70445006DC513 /* ExtentServiceTableViewCell.m */; };
		064B1FA823C70529006DC513 /* select.png in Resources */ = {isa = PBXBuildFile; fileRef = 064B1FA423C70527006DC513 /* select.png */; };
		064B1FA923C70529006DC513 /* add.png in Resources */ = {isa = PBXBuildFile; fileRef = 064B1FA523C70528006DC513 /* add.png */; };
		064B1FAA23C70529006DC513 /* delete.png in Resources */ = {isa = PBXBuildFile; fileRef = 064B1FA623C70528006DC513 /* delete.png */; };
		064B1FAB23C70529006DC513 /* unselect.png in Resources */ = {isa = PBXBuildFile; fileRef = 064B1FA723C70529006DC513 /* unselect.png */; };
		064B1FAD23C70912006DC513 /* ServiceCell.xib in Resources */ = {isa = PBXBuildFile; fileRef = 064B1FAC23C70912006DC513 /* ServiceCell.xib */; };
		064B1FB023C70A6D006DC513 /* ServiceCell.m in Sources */ = {isa = PBXBuildFile; fileRef = 064B1FAF23C70A6D006DC513 /* ServiceCell.m */; };
		065105E723A33F0500B5339B /* HomePromotionCollectionCell.xib in Resources */ = {isa = PBXBuildFile; fileRef = 065105E623A33F0500B5339B /* HomePromotionCollectionCell.xib */; };
		0658BEB9238FAC7800CBBAD1 /* AppDelegate.m in Sources */ = {isa = PBXBuildFile; fileRef = 0658BEB8238FAC7800CBBAD1 /* AppDelegate.m */; };
		0658BEBC238FAC7800CBBAD1 /* ViewController.m in Sources */ = {isa = PBXBuildFile; fileRef = 0658BEBB238FAC7800CBBAD1 /* ViewController.m */; };
		0658BEBF238FAC7800CBBAD1 /* Main.storyboard in Resources */ = {isa = PBXBuildFile; fileRef = 0658BEBD238FAC7800CBBAD1 /* Main.storyboard */; };
		0658BEC1238FAC7800CBBAD1 /* Assets.xcassets in Resources */ = {isa = PBXBuildFile; fileRef = 0658BEC0238FAC7800CBBAD1 /* Assets.xcassets */; };
		0658BEC4238FAC7800CBBAD1 /* LaunchScreen.storyboard in Resources */ = {isa = PBXBuildFile; fileRef = 0658BEC2238FAC7800CBBAD1 /* LaunchScreen.storyboard */; };
		0658BEC7238FAC7800CBBAD1 /* main.m in Sources */ = {isa = PBXBuildFile; fileRef = 0658BEC6238FAC7800CBBAD1 /* main.m */; };
		065E904423E81CFA0083C1BD /* menu@2x.png in Resources */ = {isa = PBXBuildFile; fileRef = 065E904123E81CFA0083C1BD /* menu@2x.png */; };
		065E904523E81CFA0083C1BD /* menu@3x.png in Resources */ = {isa = PBXBuildFile; fileRef = 065E904223E81CFA0083C1BD /* menu@3x.png */; };
		065E904623E81CFA0083C1BD /* menu.png in Resources */ = {isa = PBXBuildFile; fileRef = 065E904323E81CFA0083C1BD /* menu.png */; };
		0664AAD923D838BF006E7993 /* unselect@2x.png in Resources */ = {isa = PBXBuildFile; fileRef = 0664AAD523D838BF006E7993 /* unselect@2x.png */; };
		0664AADA23D838BF006E7993 /* select@3x.png in Resources */ = {isa = PBXBuildFile; fileRef = 0664AAD623D838BF006E7993 /* select@3x.png */; };
		0664AADB23D838BF006E7993 /* select@2x.png in Resources */ = {isa = PBXBuildFile; fileRef = 0664AAD723D838BF006E7993 /* select@2x.png */; };
		0664AADC23D838BF006E7993 /* unselect@3x.png in Resources */ = {isa = PBXBuildFile; fileRef = 0664AAD823D838BF006E7993 /* unselect@3x.png */; };
		066603502390BBA30036847C /* CoreLocation.framework in Frameworks */ = {isa = PBXBuildFile; fileRef = 0666034E2390BB110036847C /* CoreLocation.framework */; };
		0667ECA523B47867004AAA5E /* button.png in Resources */ = {isa = PBXBuildFile; fileRef = 0667ECA323B47867004AAA5E /* button.png */; };
		0667ECA623B47867004AAA5E /* welcome.png in Resources */ = {isa = PBXBuildFile; fileRef = 0667ECA423B47867004AAA5E /* welcome.png */; };
		0668482A239F9DC900A463A7 /* DateTimePickerPopupController.m in Sources */ = {isa = PBXBuildFile; fileRef = 06684829239F9DC900A463A7 /* DateTimePickerPopupController.m */; };
		066F890F23C719A8008C9844 /* ExtendServicePopupController.m in Sources */ = {isa = PBXBuildFile; fileRef = 066F890E23C719A8008C9844 /* ExtendServicePopupController.m */; };
		067A399023A88ABC00740FA3 /* ConfirmOrderViewController.m in Sources */ = {isa = PBXBuildFile; fileRef = 067A398F23A88ABC00740FA3 /* ConfirmOrderViewController.m */; };
		06831E2D23D6FAEE0059A123 /* unrate@3x.png in Resources */ = {isa = PBXBuildFile; fileRef = 06831E2923D6FAEE0059A123 /* unrate@3x.png */; };
		06831E2E23D6FAEE0059A123 /* rate@3x.png in Resources */ = {isa = PBXBuildFile; fileRef = 06831E2A23D6FAEE0059A123 /* rate@3x.png */; };
		06831E2F23D6FAEE0059A123 /* unrate@2x.png in Resources */ = {isa = PBXBuildFile; fileRef = 06831E2B23D6FAEE0059A123 /* unrate@2x.png */; };
		06831E3023D6FAEE0059A123 /* rate@2x.png in Resources */ = {isa = PBXBuildFile; fileRef = 06831E2C23D6FAEE0059A123 /* rate@2x.png */; };
		06863F8123E90EB1003F1817 /* makhuyenmai.png in Resources */ = {isa = PBXBuildFile; fileRef = 06863F8023E90EB1003F1817 /* makhuyenmai.png */; };
		068DDEED23990D8C009484E7 /* PlaceOrderViewController.m in Sources */ = {isa = PBXBuildFile; fileRef = 068DDEEC23990D8C009484E7 /* PlaceOrderViewController.m */; };
		068DDEF023991431009484E7 /* CommonCell.xib in Resources */ = {isa = PBXBuildFile; fileRef = 068DDEEF23991431009484E7 /* CommonCell.xib */; };
		068DDEF32399144C009484E7 /* PlaceOrderCommonTableViewCell.m in Sources */ = {isa = PBXBuildFile; fileRef = 068DDEF22399144C009484E7 /* PlaceOrderCommonTableViewCell.m */; };
		0695AD0923D013AA0056C7B2 /* LoadingViewController.m in Sources */ = {isa = PBXBuildFile; fileRef = 0695AD0823D013AA0056C7B2 /* LoadingViewController.m */; };
		06B1F32D23B6101400B70CEE /* JLabel.m in Sources */ = {isa = PBXBuildFile; fileRef = 06B1F32C23B6101400B70CEE /* JLabel.m */; };
		06B620BD2397B3930036DCF9 /* HomePromotionCollectionViewCell.m in Sources */ = {isa = PBXBuildFile; fileRef = 06B620BC2397B3930036DCF9 /* HomePromotionCollectionViewCell.m */; };
		06CB381E23CD7636004F8162 /* History@3x.png in Resources */ = {isa = PBXBuildFile; fileRef = 06CB381823CD7635004F8162 /* History@3x.png */; };
		06CB382023CD7636004F8162 /* Promotion@3x.png in Resources */ = {isa = PBXBuildFile; fileRef = 06CB381A23CD7635004F8162 /* Promotion@3x.png */; };
		06CB382223CD7636004F8162 /* Profile@3x.png in Resources */ = {isa = PBXBuildFile; fileRef = 06CB381C23CD7636004F8162 /* Profile@3x.png */; };
		06CB382323CD7636004F8162 /* Home@3x.png in Resources */ = {isa = PBXBuildFile; fileRef = 06CB381D23CD7636004F8162 /* Home@3x.png */; };
		06CF5D0523B5EF760066A551 /* JViewController.m in Sources */ = {isa = PBXBuildFile; fileRef = 06CF5D0423B5EF760066A551 /* JViewController.m */; };
		06CF5D0823B5EF860066A551 /* JNavigationBar.m in Sources */ = {isa = PBXBuildFile; fileRef = 06CF5D0723B5EF860066A551 /* JNavigationBar.m */; };
		06CF5D0B23B5EF9A0066A551 /* JNavigationViewController.m in Sources */ = {isa = PBXBuildFile; fileRef = 06CF5D0A23B5EF9A0066A551 /* JNavigationViewController.m */; };
		06CF5D0D23B5EFF20066A551 /* backbutton.png in Resources */ = {isa = PBXBuildFile; fileRef = 06CF5D0C23B5EFF20066A551 /* backbutton.png */; };
		06CF5D1023B5FE880066A551 /* JTableView.m in Sources */ = {isa = PBXBuildFile; fileRef = 06CF5D0F23B5FE880066A551 /* JTableView.m */; };
		06CF5D1323B601670066A551 /* JTextView.m in Sources */ = {isa = PBXBuildFile; fileRef = 06CF5D1223B601670066A551 /* JTextView.m */; };
		06CF638323CC555C00F95329 /* JTextField.m in Sources */ = {isa = PBXBuildFile; fileRef = 06CF638223CC555C00F95329 /* JTextField.m */; };
		06CF638723CC646F00F95329 /* JAlertPopupController.m in Sources */ = {isa = PBXBuildFile; fileRef = 06CF638623CC646F00F95329 /* JAlertPopupController.m */; };
		06CF638A23CC6C9000F95329 /* Contact.png in Resources */ = {isa = PBXBuildFile; fileRef = 06CF638823CC6C8F00F95329 /* Contact.png */; };
		06CF638B23CC6C9000F95329 /* FAQ.png in Resources */ = {isa = PBXBuildFile; fileRef = 06CF638923CC6C9000F95329 /* FAQ.png */; };
		06CF639223CC874900F95329 /* Profile.png in Resources */ = {isa = PBXBuildFile; fileRef = 06CF638D23CC874900F95329 /* Profile.png */; };
		06CF639323CC874900F95329 /* Home.png in Resources */ = {isa = PBXBuildFile; fileRef = 06CF638E23CC874900F95329 /* Home.png */; };
		06CF639423CC874900F95329 /* History.png in Resources */ = {isa = PBXBuildFile; fileRef = 06CF638F23CC874900F95329 /* History.png */; };
		06CF639523CC874900F95329 /* Promotion.png in Resources */ = {isa = PBXBuildFile; fileRef = 06CF639023CC874900F95329 /* Promotion.png */; };
		06CF639923CC8C2E00F95329 /* Profile@2x.png in Resources */ = {isa = PBXBuildFile; fileRef = 06CF639623CC8C2900F95329 /* Profile@2x.png */; };
		06CF639A23CC8C2E00F95329 /* History@2x.png in Resources */ = {isa = PBXBuildFile; fileRef = 06CF639723CC8C2A00F95329 /* History@2x.png */; };
		06CF639B23CC8C2E00F95329 /* Home@2x.png in Resources */ = {isa = PBXBuildFile; fileRef = 06CF639823CC8C2E00F95329 /* Home@2x.png */; };
		06CF639D23CC8C8500F95329 /* Promotion@2x.png in Resources */ = {isa = PBXBuildFile; fileRef = 06CF639C23CC8C8000F95329 /* Promotion@2x.png */; };
		06D6BF19239E39B000AB52DB /* MapsViewController.m in Sources */ = {isa = PBXBuildFile; fileRef = 06D6BF18239E39B000AB52DB /* MapsViewController.m */; };
		06DB663123E808A70062476C /* backbutton@2x.png in Resources */ = {isa = PBXBuildFile; fileRef = 06DB662F23E808A60062476C /* backbutton@2x.png */; };
		06DB663223E808A70062476C /* backbutton@3x.png in Resources */ = {isa = PBXBuildFile; fileRef = 06DB663023E808A70062476C /* backbutton@3x.png */; };
		06DFA80223A9C69F00FBE763 /* JUntil.m in Sources */ = {isa = PBXBuildFile; fileRef = 06DFA80123A9C69F00FBE763 /* JUntil.m */; };
		06DFA80623AB8B6C00FBE763 /* RateViewController.m in Sources */ = {isa = PBXBuildFile; fileRef = 06DFA80523AB8B6C00FBE763 /* RateViewController.m */; };
		06EC9F1D2396734A00474EE3 /* HomeTaskCell.xib in Resources */ = {isa = PBXBuildFile; fileRef = 06EC9F1C2396734A00474EE3 /* HomeTaskCell.xib */; };
		06EC9F202396736200474EE3 /* HomeTaskTableViewCell.m in Sources */ = {isa = PBXBuildFile; fileRef = 06EC9F1F2396736200474EE3 /* HomeTaskTableViewCell.m */; };
		06EC9F222396784100474EE3 /* HomePromotionCell.xib in Resources */ = {isa = PBXBuildFile; fileRef = 06EC9F212396784100474EE3 /* HomePromotionCell.xib */; };
		06EC9F252396786100474EE3 /* HomePromotionTableViewCell.m in Sources */ = {isa = PBXBuildFile; fileRef = 06EC9F242396786100474EE3 /* HomePromotionTableViewCell.m */; };
		06EC9F2723968A6200474EE3 /* HomePromotionHeaderCell.xib in Resources */ = {isa = PBXBuildFile; fileRef = 06EC9F2623968A6200474EE3 /* HomePromotionHeaderCell.xib */; };
		06EC9F2D23968C7000474EE3 /* HomePromotionHeaderViewCell.m in Sources */ = {isa = PBXBuildFile; fileRef = 06EC9F2C23968C7000474EE3 /* HomePromotionHeaderViewCell.m */; };
		06ED4C1123A0EDD10072EB15 /* TimeSelectionCell.xib in Resources */ = {isa = PBXBuildFile; fileRef = 06ED4C1023A0EDD10072EB15 /* TimeSelectionCell.xib */; };
		06ED4C1423A0EDE90072EB15 /* TimeSelectionTableViewCell.m in Sources */ = {isa = PBXBuildFile; fileRef = 06ED4C1323A0EDE90072EB15 /* TimeSelectionTableViewCell.m */; };
		06ED4C1623A0FD130072EB15 /* DaySelectionCell.xib in Resources */ = {isa = PBXBuildFile; fileRef = 06ED4C1523A0FD130072EB15 /* DaySelectionCell.xib */; };
		06ED4C1923A0FD220072EB15 /* DaySelectionTableViewCell.m in Sources */ = {isa = PBXBuildFile; fileRef = 06ED4C1823A0FD220072EB15 /* DaySelectionTableViewCell.m */; };
		06F6E4FF23A8AFC60006DAB8 /* GoogleService-Info.plist in Resources */ = {isa = PBXBuildFile; fileRef = 06F6E4FE23A8AFC60006DAB8 /* GoogleService-Info.plist */; };
		06FD73C123A2527F00528A00 /* DayLabel.m in Sources */ = {isa = PBXBuildFile; fileRef = 06FD73C023A2527F00528A00 /* DayLabel.m */; };
		06FEA1DF2394BCC0005D58B9 /* HistoryViewController.m in Sources */ = {isa = PBXBuildFile; fileRef = 06FEA1DE2394BCC0005D58B9 /* HistoryViewController.m */; };
		06FEA1E12394CBCC005D58B9 /* HistoryCell.xib in Resources */ = {isa = PBXBuildFile; fileRef = 06FEA1E02394CBCC005D58B9 /* HistoryCell.xib */; };
		06FEA1E42394CC0E005D58B9 /* HistoryTableViewCell.m in Sources */ = {isa = PBXBuildFile; fileRef = 06FEA1E32394CC0E005D58B9 /* HistoryTableViewCell.m */; };
		06FEA1E8239544F2005D58B9 /* DetailOrderViewController.m in Sources */ = {isa = PBXBuildFile; fileRef = 06FEA1E7239544F2005D58B9 /* DetailOrderViewController.m */; };
		4CCA650DE5769D6F06336B2A /* Pods_JupViec.framework in Frameworks */ = {isa = PBXBuildFile; fileRef = EF954FD1F9AE36C1F76ACB82 /* Pods_JupViec.framework */; };
		831705F723B7710600A3493E /* JView.m in Sources */ = {isa = PBXBuildFile; fileRef = 831705F623B7710600A3493E /* JView.m */; };
		8375E7E023BA4ED9008595FD /* LoginButton.m in Sources */ = {isa = PBXBuildFile; fileRef = 8375E7DF23BA4ED9008595FD /* LoginButton.m */; };
		83D0FE3F23BCA14900688924 /* Comfortaa-SemiBold.ttf in Resources */ = {isa = PBXBuildFile; fileRef = 83D0FE3A23BCA14800688924 /* Comfortaa-SemiBold.ttf */; };
		83D0FE4023BCA14900688924 /* Comfortaa-Medium.ttf in Resources */ = {isa = PBXBuildFile; fileRef = 83D0FE3B23BCA14800688924 /* Comfortaa-Medium.ttf */; };
		83D0FE4123BCA14900688924 /* Comfortaa-Regular.ttf in Resources */ = {isa = PBXBuildFile; fileRef = 83D0FE3C23BCA14800688924 /* Comfortaa-Regular.ttf */; };
		83D0FE4223BCA14900688924 /* Comfortaa-Light.ttf in Resources */ = {isa = PBXBuildFile; fileRef = 83D0FE3D23BCA14800688924 /* Comfortaa-Light.ttf */; };
		83D0FE4323BCA14900688924 /* Comfortaa-Bold.ttf in Resources */ = {isa = PBXBuildFile; fileRef = 83D0FE3E23BCA14900688924 /* Comfortaa-Bold.ttf */; };
		83D0FE4523BCACB000688924 /* buttonrect.png in Resources */ = {isa = PBXBuildFile; fileRef = 83D0FE4423BCACAF00688924 /* buttonrect.png */; };
		83D0FE4723BCB0E900688924 /* headerEllipse.png in Resources */ = {isa = PBXBuildFile; fileRef = 83D0FE4623BCB0E800688924 /* headerEllipse.png */; };
		83D0FE5423BCC4A500688924 /* Roboto-Black.ttf in Resources */ = {isa = PBXBuildFile; fileRef = 83D0FE4823BCC4A300688924 /* Roboto-Black.ttf */; };
		83D0FE5523BCC4A500688924 /* Roboto-BlackItalic.ttf in Resources */ = {isa = PBXBuildFile; fileRef = 83D0FE4923BCC4A300688924 /* Roboto-BlackItalic.ttf */; };
		83D0FE5623BCC4A500688924 /* Roboto-Regular.ttf in Resources */ = {isa = PBXBuildFile; fileRef = 83D0FE4A23BCC4A300688924 /* Roboto-Regular.ttf */; };
		83D0FE5723BCC4A500688924 /* Roboto-Light.ttf in Resources */ = {isa = PBXBuildFile; fileRef = 83D0FE4B23BCC4A300688924 /* Roboto-Light.ttf */; };
		83D0FE5823BCC4A500688924 /* Roboto-Bold.ttf in Resources */ = {isa = PBXBuildFile; fileRef = 83D0FE4C23BCC4A300688924 /* Roboto-Bold.ttf */; };
		83D0FE5923BCC4A500688924 /* Roboto-Italic.ttf in Resources */ = {isa = PBXBuildFile; fileRef = 83D0FE4D23BCC4A400688924 /* Roboto-Italic.ttf */; };
		83D0FE5A23BCC4A500688924 /* Roboto-BoldItalic.ttf in Resources */ = {isa = PBXBuildFile; fileRef = 83D0FE4E23BCC4A400688924 /* Roboto-BoldItalic.ttf */; };
		83D0FE5B23BCC4A500688924 /* Roboto-Medium.ttf in Resources */ = {isa = PBXBuildFile; fileRef = 83D0FE4F23BCC4A400688924 /* Roboto-Medium.ttf */; };
		83D0FE5C23BCC4A500688924 /* Roboto-Thin.ttf in Resources */ = {isa = PBXBuildFile; fileRef = 83D0FE5023BCC4A400688924 /* Roboto-Thin.ttf */; };
		83D0FE5D23BCC4A500688924 /* Roboto-MediumItalic.ttf in Resources */ = {isa = PBXBuildFile; fileRef = 83D0FE5123BCC4A400688924 /* Roboto-MediumItalic.ttf */; };
		83D0FE5E23BCC4A500688924 /* Roboto-ThinItalic.ttf in Resources */ = {isa = PBXBuildFile; fileRef = 83D0FE5223BCC4A500688924 /* Roboto-ThinItalic.ttf */; };
		83D0FE5F23BCC4A500688924 /* Roboto-LightItalic.ttf in Resources */ = {isa = PBXBuildFile; fileRef = 83D0FE5323BCC4A500688924 /* Roboto-LightItalic.ttf */; };
		CE344EA923CF03A800824260 /* FAQTableViewCell.m in Sources */ = {isa = PBXBuildFile; fileRef = CE344EA723CF03A800824260 /* FAQTableViewCell.m */; };
		CE344EAA23CF03A800824260 /* FAQTableViewCell.xib in Resources */ = {isa = PBXBuildFile; fileRef = CE344EA823CF03A800824260 /* FAQTableViewCell.xib */; };
		CE344EAD23CF1F1100824260 /* FAQViewController.m in Sources */ = {isa = PBXBuildFile; fileRef = CE344EAC23CF1F1100824260 /* FAQViewController.m */; };
		CE717E2923D0588E007C5ACC /* Polygon 6.png in Resources */ = {isa = PBXBuildFile; fileRef = CE717E2723D0588E007C5ACC /* Polygon 6.png */; };
		CE717E2A23D0588E007C5ACC /* Polygon 7.png in Resources */ = {isa = PBXBuildFile; fileRef = CE717E2823D0588E007C5ACC /* Polygon 7.png */; };
		CE717E2D23D0685A007C5ACC /* FeedbackViewController.m in Sources */ = {isa = PBXBuildFile; fileRef = CE717E2C23D0685A007C5ACC /* FeedbackViewController.m */; };
		CEA0919323A796FA00D2502F /* AccountInfoViewController.m in Sources */ = {isa = PBXBuildFile; fileRef = CEA0919223A796FA00D2502F /* AccountInfoViewController.m */; };
		CEA0919623A79D7300D2502F /* EditAccountInfoViewController.m in Sources */ = {isa = PBXBuildFile; fileRef = CEA0919523A79D7300D2502F /* EditAccountInfoViewController.m */; };
		CEA83F1723911F60001C1512 /* APIRequest.m in Sources */ = {isa = PBXBuildFile; fileRef = CEA83F1523911F5F001C1512 /* APIRequest.m */; };
		CEA83F1B239120BE001C1512 /* User.m in Sources */ = {isa = PBXBuildFile; fileRef = CEA83F19239120BE001C1512 /* User.m */; };
		CEFD75B22394FAD80040699B /* CreatePasswordViewController.m in Sources */ = {isa = PBXBuildFile; fileRef = CEFD75B12394FAD80040699B /* CreatePasswordViewController.m */; };
/* End PBXBuildFile section */

/* Begin PBXFileReference section */
		0601E194238FAEEE00403C95 /* CommonDefines.h */ = {isa = PBXFileReference; fileEncoding = 4; lastKnownFileType = sourcecode.c.h; path = CommonDefines.h; sourceTree = "<group>"; };
		0601E1AA238FAEEE00403C95 /* background.jpg */ = {isa = PBXFileReference; lastKnownFileType = image.jpeg; path = background.jpg; sourceTree = "<group>"; };
		0601E318238FAEEF00403C95 /* SignInViewController.h */ = {isa = PBXFileReference; fileEncoding = 4; lastKnownFileType = sourcecode.c.h; path = SignInViewController.h; sourceTree = "<group>"; };
		0601E319238FAEEF00403C95 /* SignInViewController.m */ = {isa = PBXFileReference; fileEncoding = 4; lastKnownFileType = sourcecode.c.objc; path = SignInViewController.m; sourceTree = "<group>"; };
		0601E31B238FAEEF00403C95 /* WelcomeViewController.h */ = {isa = PBXFileReference; fileEncoding = 4; lastKnownFileType = sourcecode.c.h; path = WelcomeViewController.h; sourceTree = "<group>"; };
		0601E31C238FAEEF00403C95 /* WelcomeViewController.m */ = {isa = PBXFileReference; fileEncoding = 4; lastKnownFileType = sourcecode.c.objc; path = WelcomeViewController.m; sourceTree = "<group>"; };
		0608E3CC23BF3180000EE8B1 /* rate.png */ = {isa = PBXFileReference; lastKnownFileType = image.png; path = rate.png; sourceTree = "<group>"; };
		0608E3CD23BF3180000EE8B1 /* unrate.png */ = {isa = PBXFileReference; lastKnownFileType = image.png; path = unrate.png; sourceTree = "<group>"; };
		0612A37E239617C100A82BB9 /* NoticeViewController.h */ = {isa = PBXFileReference; fileEncoding = 4; lastKnownFileType = sourcecode.c.h; path = NoticeViewController.h; sourceTree = "<group>"; };
		0612A37F239617C100A82BB9 /* NoticeViewController.m */ = {isa = PBXFileReference; fileEncoding = 4; lastKnownFileType = sourcecode.c.objc; path = NoticeViewController.m; sourceTree = "<group>"; };
		0612A382239617DA00A82BB9 /* InformationViewController.h */ = {isa = PBXFileReference; lastKnownFileType = sourcecode.c.h; path = InformationViewController.h; sourceTree = "<group>"; };
		0612A383239617DA00A82BB9 /* InformationViewController.m */ = {isa = PBXFileReference; lastKnownFileType = sourcecode.c.objc; path = InformationViewController.m; sourceTree = "<group>"; };
		0612A38523961D7E00A82BB9 /* NoticeCell.xib */ = {isa = PBXFileReference; lastKnownFileType = file.xib; path = NoticeCell.xib; sourceTree = "<group>"; };
		0612A38723961D8A00A82BB9 /* CouponCell.xib */ = {isa = PBXFileReference; lastKnownFileType = file.xib; path = CouponCell.xib; sourceTree = "<group>"; };
		0612A38923961DA800A82BB9 /* NoticeTableViewCell.h */ = {isa = PBXFileReference; lastKnownFileType = sourcecode.c.h; path = NoticeTableViewCell.h; sourceTree = "<group>"; };
		0612A38A23961DA800A82BB9 /* NoticeTableViewCell.m */ = {isa = PBXFileReference; lastKnownFileType = sourcecode.c.objc; path = NoticeTableViewCell.m; sourceTree = "<group>"; };
		0612A38C23961DB900A82BB9 /* CouponTableViewCell.h */ = {isa = PBXFileReference; lastKnownFileType = sourcecode.c.h; path = CouponTableViewCell.h; sourceTree = "<group>"; };
		0612A38D23961DB900A82BB9 /* CouponTableViewCell.m */ = {isa = PBXFileReference; lastKnownFileType = sourcecode.c.objc; path = CouponTableViewCell.m; sourceTree = "<group>"; };
		0612A38F239621AE00A82BB9 /* InformationCell.xib */ = {isa = PBXFileReference; lastKnownFileType = file.xib; path = InformationCell.xib; sourceTree = "<group>"; };
		0612A391239621F500A82BB9 /* InformationTableViewCell.h */ = {isa = PBXFileReference; lastKnownFileType = sourcecode.c.h; path = InformationTableViewCell.h; sourceTree = "<group>"; };
		0612A392239621F500A82BB9 /* InformationTableViewCell.m */ = {isa = PBXFileReference; lastKnownFileType = sourcecode.c.objc; path = InformationTableViewCell.m; sourceTree = "<group>"; };
		0612A3972396531500A82BB9 /* NoticeDetailViewController.h */ = {isa = PBXFileReference; lastKnownFileType = sourcecode.c.h; path = NoticeDetailViewController.h; sourceTree = "<group>"; };
		0612A3982396531500A82BB9 /* NoticeDetailViewController.m */ = {isa = PBXFileReference; lastKnownFileType = sourcecode.c.objc; path = NoticeDetailViewController.m; sourceTree = "<group>"; };
		0612A39A239657E700A82BB9 /* InformationDetailViewController.h */ = {isa = PBXFileReference; lastKnownFileType = sourcecode.c.h; path = InformationDetailViewController.h; sourceTree = "<group>"; };
		0612A39B239657E700A82BB9 /* InformationDetailViewController.m */ = {isa = PBXFileReference; lastKnownFileType = sourcecode.c.objc; path = InformationDetailViewController.m; sourceTree = "<group>"; };
		062061C82390B94300956FF4 /* MapKit.framework */ = {isa = PBXFileReference; lastKnownFileType = wrapper.framework; name = MapKit.framework; path = System/Library/Frameworks/MapKit.framework; sourceTree = SDKROOT; };
		06222E22239E489C00AE24C5 /* TextDetailPopupController.h */ = {isa = PBXFileReference; lastKnownFileType = sourcecode.c.h; path = TextDetailPopupController.h; sourceTree = "<group>"; };
		06222E23239E489C00AE24C5 /* TextDetailPopupController.m */ = {isa = PBXFileReference; lastKnownFileType = sourcecode.c.objc; path = TextDetailPopupController.m; sourceTree = "<group>"; };
		06222E25239E4A7200AE24C5 /* PopupView.h */ = {isa = PBXFileReference; lastKnownFileType = sourcecode.c.h; path = PopupView.h; sourceTree = "<group>"; };
		06222E26239E4A7200AE24C5 /* PopupView.m */ = {isa = PBXFileReference; lastKnownFileType = sourcecode.c.objc; path = PopupView.m; sourceTree = "<group>"; };
		06222E28239E64F100AE24C5 /* Order.h */ = {isa = PBXFileReference; lastKnownFileType = sourcecode.c.h; path = Order.h; sourceTree = "<group>"; };
		06222E29239E64F100AE24C5 /* Order.m */ = {isa = PBXFileReference; lastKnownFileType = sourcecode.c.objc; path = Order.m; sourceTree = "<group>"; };
		0633A784239109E60094219D /* HomeViewController.h */ = {isa = PBXFileReference; lastKnownFileType = sourcecode.c.h; path = HomeViewController.h; sourceTree = "<group>"; };
		0633A785239109E60094219D /* HomeViewController.m */ = {isa = PBXFileReference; lastKnownFileType = sourcecode.c.objc; path = HomeViewController.m; sourceTree = "<group>"; };
		0633A788239113080094219D /* OTPCheckViewController.h */ = {isa = PBXFileReference; lastKnownFileType = sourcecode.c.h; path = OTPCheckViewController.h; sourceTree = "<group>"; };
		0633A789239113080094219D /* OTPCheckViewController.m */ = {isa = PBXFileReference; lastKnownFileType = sourcecode.c.objc; path = OTPCheckViewController.m; sourceTree = "<group>"; };
		0633A78E239117890094219D /* CreatePasswordViewController.h */ = {isa = PBXFileReference; lastKnownFileType = sourcecode.c.h; path = CreatePasswordViewController.h; sourceTree = "<group>"; };
		0633A791239117E00094219D /* LoginWithPasswordViewController.h */ = {isa = PBXFileReference; lastKnownFileType = sourcecode.c.h; path = LoginWithPasswordViewController.h; sourceTree = "<group>"; };
		0633A792239117E00094219D /* LoginWithPasswordViewController.m */ = {isa = PBXFileReference; lastKnownFileType = sourcecode.c.objc; path = LoginWithPasswordViewController.m; sourceTree = "<group>"; };
		063A1C3623BDA04000456CBC /* giatsofa.png */ = {isa = PBXFileReference; lastKnownFileType = image.png; path = giatsofa.png; sourceTree = "<group>"; };
		063A1C3723BDA04000456CBC /* dungdinhky.png */ = {isa = PBXFileReference; lastKnownFileType = image.png; path = dungdinhky.png; sourceTree = "<group>"; };
		063A1C3823BDA04100456CBC /* tongvesinh.png */ = {isa = PBXFileReference; lastKnownFileType = image.png; path = tongvesinh.png; sourceTree = "<group>"; };
		063A1C3923BDA04100456CBC /* dungle.png */ = {isa = PBXFileReference; lastKnownFileType = image.png; path = dungle.png; sourceTree = "<group>"; };
		063A1C3E23BDA53F00456CBC /* JButton.h */ = {isa = PBXFileReference; lastKnownFileType = sourcecode.c.h; path = JButton.h; sourceTree = "<group>"; };
		063A1C3F23BDA53F00456CBC /* JButton.m */ = {isa = PBXFileReference; lastKnownFileType = sourcecode.c.objc; path = JButton.m; sourceTree = "<group>"; };
		064B1F9F23C70430006DC513 /* ExtendService.xib */ = {isa = PBXFileReference; lastKnownFileType = file.xib; path = ExtendService.xib; sourceTree = "<group>"; };
		064B1FA123C70445006DC513 /* ExtentServiceTableViewCell.h */ = {isa = PBXFileReference; lastKnownFileType = sourcecode.c.h; path = ExtentServiceTableViewCell.h; sourceTree = "<group>"; };
		064B1FA223C70445006DC513 /* ExtentServiceTableViewCell.m */ = {isa = PBXFileReference; lastKnownFileType = sourcecode.c.objc; path = ExtentServiceTableViewCell.m; sourceTree = "<group>"; };
		064B1FA423C70527006DC513 /* select.png */ = {isa = PBXFileReference; lastKnownFileType = image.png; path = select.png; sourceTree = "<group>"; };
		064B1FA523C70528006DC513 /* add.png */ = {isa = PBXFileReference; lastKnownFileType = image.png; path = add.png; sourceTree = "<group>"; };
		064B1FA623C70528006DC513 /* delete.png */ = {isa = PBXFileReference; lastKnownFileType = image.png; path = delete.png; sourceTree = "<group>"; };
		064B1FA723C70529006DC513 /* unselect.png */ = {isa = PBXFileReference; lastKnownFileType = image.png; path = unselect.png; sourceTree = "<group>"; };
		064B1FAC23C70912006DC513 /* ServiceCell.xib */ = {isa = PBXFileReference; lastKnownFileType = file.xib; path = ServiceCell.xib; sourceTree = "<group>"; };
		064B1FAE23C70A6D006DC513 /* ServiceCell.h */ = {isa = PBXFileReference; lastKnownFileType = sourcecode.c.h; path = ServiceCell.h; sourceTree = "<group>"; };
		064B1FAF23C70A6D006DC513 /* ServiceCell.m */ = {isa = PBXFileReference; lastKnownFileType = sourcecode.c.objc; path = ServiceCell.m; sourceTree = "<group>"; };
		065105E623A33F0500B5339B /* HomePromotionCollectionCell.xib */ = {isa = PBXFileReference; lastKnownFileType = file.xib; path = HomePromotionCollectionCell.xib; sourceTree = "<group>"; };
		0658BEB4238FAC7800CBBAD1 /* JupViec.app */ = {isa = PBXFileReference; explicitFileType = wrapper.application; includeInIndex = 0; path = JupViec.app; sourceTree = BUILT_PRODUCTS_DIR; };
		0658BEB7238FAC7800CBBAD1 /* AppDelegate.h */ = {isa = PBXFileReference; lastKnownFileType = sourcecode.c.h; path = AppDelegate.h; sourceTree = "<group>"; };
		0658BEB8238FAC7800CBBAD1 /* AppDelegate.m */ = {isa = PBXFileReference; lastKnownFileType = sourcecode.c.objc; path = AppDelegate.m; sourceTree = "<group>"; };
		0658BEBA238FAC7800CBBAD1 /* ViewController.h */ = {isa = PBXFileReference; lastKnownFileType = sourcecode.c.h; path = ViewController.h; sourceTree = "<group>"; };
		0658BEBB238FAC7800CBBAD1 /* ViewController.m */ = {isa = PBXFileReference; lastKnownFileType = sourcecode.c.objc; path = ViewController.m; sourceTree = "<group>"; };
		0658BEBE238FAC7800CBBAD1 /* Base */ = {isa = PBXFileReference; lastKnownFileType = file.storyboard; name = Base; path = Base.lproj/Main.storyboard; sourceTree = "<group>"; };
		0658BEC0238FAC7800CBBAD1 /* Assets.xcassets */ = {isa = PBXFileReference; lastKnownFileType = folder.assetcatalog; path = Assets.xcassets; sourceTree = "<group>"; };
		0658BEC3238FAC7800CBBAD1 /* Base */ = {isa = PBXFileReference; lastKnownFileType = file.storyboard; name = Base; path = Base.lproj/LaunchScreen.storyboard; sourceTree = "<group>"; };
		0658BEC5238FAC7800CBBAD1 /* Info.plist */ = {isa = PBXFileReference; lastKnownFileType = text.plist.xml; path = Info.plist; sourceTree = "<group>"; };
		0658BEC6238FAC7800CBBAD1 /* main.m */ = {isa = PBXFileReference; lastKnownFileType = sourcecode.c.objc; path = main.m; sourceTree = "<group>"; };
		065E904123E81CFA0083C1BD /* menu@2x.png */ = {isa = PBXFileReference; lastKnownFileType = image.png; path = "menu@2x.png"; sourceTree = "<group>"; };
		065E904223E81CFA0083C1BD /* menu@3x.png */ = {isa = PBXFileReference; lastKnownFileType = image.png; path = "menu@3x.png"; sourceTree = "<group>"; };
		065E904323E81CFA0083C1BD /* menu.png */ = {isa = PBXFileReference; lastKnownFileType = image.png; path = menu.png; sourceTree = "<group>"; };
		0664AAD523D838BF006E7993 /* unselect@2x.png */ = {isa = PBXFileReference; lastKnownFileType = image.png; path = "unselect@2x.png"; sourceTree = "<group>"; };
		0664AAD623D838BF006E7993 /* select@3x.png */ = {isa = PBXFileReference; lastKnownFileType = image.png; path = "select@3x.png"; sourceTree = "<group>"; };
		0664AAD723D838BF006E7993 /* select@2x.png */ = {isa = PBXFileReference; lastKnownFileType = image.png; path = "select@2x.png"; sourceTree = "<group>"; };
		0664AAD823D838BF006E7993 /* unselect@3x.png */ = {isa = PBXFileReference; lastKnownFileType = image.png; path = "unselect@3x.png"; sourceTree = "<group>"; };
		0666034E2390BB110036847C /* CoreLocation.framework */ = {isa = PBXFileReference; lastKnownFileType = wrapper.framework; name = CoreLocation.framework; path = System/Library/Frameworks/CoreLocation.framework; sourceTree = SDKROOT; };
		0667ECA323B47867004AAA5E /* button.png */ = {isa = PBXFileReference; lastKnownFileType = image.png; path = button.png; sourceTree = "<group>"; };
		0667ECA423B47867004AAA5E /* welcome.png */ = {isa = PBXFileReference; lastKnownFileType = image.png; path = welcome.png; sourceTree = "<group>"; };
		06684828239F9DC900A463A7 /* DateTimePickerPopupController.h */ = {isa = PBXFileReference; lastKnownFileType = sourcecode.c.h; path = DateTimePickerPopupController.h; sourceTree = "<group>"; };
		06684829239F9DC900A463A7 /* DateTimePickerPopupController.m */ = {isa = PBXFileReference; lastKnownFileType = sourcecode.c.objc; path = DateTimePickerPopupController.m; sourceTree = "<group>"; };
		066F890D23C719A8008C9844 /* ExtendServicePopupController.h */ = {isa = PBXFileReference; lastKnownFileType = sourcecode.c.h; path = ExtendServicePopupController.h; sourceTree = "<group>"; };
		066F890E23C719A8008C9844 /* ExtendServicePopupController.m */ = {isa = PBXFileReference; lastKnownFileType = sourcecode.c.objc; path = ExtendServicePopupController.m; sourceTree = "<group>"; };
		067A398E23A88ABC00740FA3 /* ConfirmOrderViewController.h */ = {isa = PBXFileReference; lastKnownFileType = sourcecode.c.h; path = ConfirmOrderViewController.h; sourceTree = "<group>"; };
		067A398F23A88ABC00740FA3 /* ConfirmOrderViewController.m */ = {isa = PBXFileReference; lastKnownFileType = sourcecode.c.objc; path = ConfirmOrderViewController.m; sourceTree = "<group>"; };
		06831E2923D6FAEE0059A123 /* unrate@3x.png */ = {isa = PBXFileReference; lastKnownFileType = image.png; path = "unrate@3x.png"; sourceTree = "<group>"; };
		06831E2A23D6FAEE0059A123 /* rate@3x.png */ = {isa = PBXFileReference; lastKnownFileType = image.png; path = "rate@3x.png"; sourceTree = "<group>"; };
		06831E2B23D6FAEE0059A123 /* unrate@2x.png */ = {isa = PBXFileReference; lastKnownFileType = image.png; path = "unrate@2x.png"; sourceTree = "<group>"; };
		06831E2C23D6FAEE0059A123 /* rate@2x.png */ = {isa = PBXFileReference; lastKnownFileType = image.png; path = "rate@2x.png"; sourceTree = "<group>"; };
		06863F8023E90EB1003F1817 /* makhuyenmai.png */ = {isa = PBXFileReference; lastKnownFileType = image.png; path = makhuyenmai.png; sourceTree = "<group>"; };
		068DDEEB23990D8C009484E7 /* PlaceOrderViewController.h */ = {isa = PBXFileReference; lastKnownFileType = sourcecode.c.h; path = PlaceOrderViewController.h; sourceTree = "<group>"; };
		068DDEEC23990D8C009484E7 /* PlaceOrderViewController.m */ = {isa = PBXFileReference; lastKnownFileType = sourcecode.c.objc; path = PlaceOrderViewController.m; sourceTree = "<group>"; };
		068DDEEF23991431009484E7 /* CommonCell.xib */ = {isa = PBXFileReference; lastKnownFileType = file.xib; path = CommonCell.xib; sourceTree = "<group>"; };
		068DDEF12399144C009484E7 /* PlaceOrderCommonTableViewCell.h */ = {isa = PBXFileReference; lastKnownFileType = sourcecode.c.h; path = PlaceOrderCommonTableViewCell.h; sourceTree = "<group>"; };
		068DDEF22399144C009484E7 /* PlaceOrderCommonTableViewCell.m */ = {isa = PBXFileReference; lastKnownFileType = sourcecode.c.objc; path = PlaceOrderCommonTableViewCell.m; sourceTree = "<group>"; };
		0695AD0723D013AA0056C7B2 /* LoadingViewController.h */ = {isa = PBXFileReference; lastKnownFileType = sourcecode.c.h; path = LoadingViewController.h; sourceTree = "<group>"; };
		0695AD0823D013AA0056C7B2 /* LoadingViewController.m */ = {isa = PBXFileReference; lastKnownFileType = sourcecode.c.objc; path = LoadingViewController.m; sourceTree = "<group>"; };
		06B1F32B23B6101400B70CEE /* JLabel.h */ = {isa = PBXFileReference; lastKnownFileType = sourcecode.c.h; path = JLabel.h; sourceTree = "<group>"; };
		06B1F32C23B6101400B70CEE /* JLabel.m */ = {isa = PBXFileReference; lastKnownFileType = sourcecode.c.objc; path = JLabel.m; sourceTree = "<group>"; };
		06B620BB2397B3930036DCF9 /* HomePromotionCollectionViewCell.h */ = {isa = PBXFileReference; lastKnownFileType = sourcecode.c.h; path = HomePromotionCollectionViewCell.h; sourceTree = "<group>"; };
		06B620BC2397B3930036DCF9 /* HomePromotionCollectionViewCell.m */ = {isa = PBXFileReference; lastKnownFileType = sourcecode.c.objc; path = HomePromotionCollectionViewCell.m; sourceTree = "<group>"; };
		06CB381823CD7635004F8162 /* History@3x.png */ = {isa = PBXFileReference; lastKnownFileType = image.png; path = "History@3x.png"; sourceTree = "<group>"; };
		06CB381A23CD7635004F8162 /* Promotion@3x.png */ = {isa = PBXFileReference; lastKnownFileType = image.png; path = "Promotion@3x.png"; sourceTree = "<group>"; };
		06CB381C23CD7636004F8162 /* Profile@3x.png */ = {isa = PBXFileReference; lastKnownFileType = image.png; path = "Profile@3x.png"; sourceTree = "<group>"; };
		06CB381D23CD7636004F8162 /* Home@3x.png */ = {isa = PBXFileReference; lastKnownFileType = image.png; path = "Home@3x.png"; sourceTree = "<group>"; };
		06CF5D0323B5EF760066A551 /* JViewController.h */ = {isa = PBXFileReference; lastKnownFileType = sourcecode.c.h; path = JViewController.h; sourceTree = "<group>"; };
		06CF5D0423B5EF760066A551 /* JViewController.m */ = {isa = PBXFileReference; lastKnownFileType = sourcecode.c.objc; path = JViewController.m; sourceTree = "<group>"; };
		06CF5D0623B5EF860066A551 /* JNavigationBar.h */ = {isa = PBXFileReference; lastKnownFileType = sourcecode.c.h; path = JNavigationBar.h; sourceTree = "<group>"; };
		06CF5D0723B5EF860066A551 /* JNavigationBar.m */ = {isa = PBXFileReference; lastKnownFileType = sourcecode.c.objc; path = JNavigationBar.m; sourceTree = "<group>"; };
		06CF5D0923B5EF9A0066A551 /* JNavigationViewController.h */ = {isa = PBXFileReference; lastKnownFileType = sourcecode.c.h; path = JNavigationViewController.h; sourceTree = "<group>"; };
		06CF5D0A23B5EF9A0066A551 /* JNavigationViewController.m */ = {isa = PBXFileReference; lastKnownFileType = sourcecode.c.objc; path = JNavigationViewController.m; sourceTree = "<group>"; };
		06CF5D0C23B5EFF20066A551 /* backbutton.png */ = {isa = PBXFileReference; lastKnownFileType = image.png; path = backbutton.png; sourceTree = "<group>"; };
		06CF5D0E23B5FE880066A551 /* JTableView.h */ = {isa = PBXFileReference; lastKnownFileType = sourcecode.c.h; path = JTableView.h; sourceTree = "<group>"; };
		06CF5D0F23B5FE880066A551 /* JTableView.m */ = {isa = PBXFileReference; lastKnownFileType = sourcecode.c.objc; path = JTableView.m; sourceTree = "<group>"; };
		06CF5D1123B601670066A551 /* JTextView.h */ = {isa = PBXFileReference; lastKnownFileType = sourcecode.c.h; path = JTextView.h; sourceTree = "<group>"; };
		06CF5D1223B601670066A551 /* JTextView.m */ = {isa = PBXFileReference; lastKnownFileType = sourcecode.c.objc; path = JTextView.m; sourceTree = "<group>"; };
		06CF638123CC555C00F95329 /* JTextField.h */ = {isa = PBXFileReference; lastKnownFileType = sourcecode.c.h; path = JTextField.h; sourceTree = "<group>"; };
		06CF638223CC555C00F95329 /* JTextField.m */ = {isa = PBXFileReference; lastKnownFileType = sourcecode.c.objc; path = JTextField.m; sourceTree = "<group>"; };
		06CF638523CC646F00F95329 /* JAlertPopupController.h */ = {isa = PBXFileReference; lastKnownFileType = sourcecode.c.h; path = JAlertPopupController.h; sourceTree = "<group>"; };
		06CF638623CC646F00F95329 /* JAlertPopupController.m */ = {isa = PBXFileReference; lastKnownFileType = sourcecode.c.objc; path = JAlertPopupController.m; sourceTree = "<group>"; };
		06CF638823CC6C8F00F95329 /* Contact.png */ = {isa = PBXFileReference; lastKnownFileType = image.png; path = Contact.png; sourceTree = "<group>"; };
		06CF638923CC6C9000F95329 /* FAQ.png */ = {isa = PBXFileReference; lastKnownFileType = image.png; path = FAQ.png; sourceTree = "<group>"; };
		06CF638D23CC874900F95329 /* Profile.png */ = {isa = PBXFileReference; lastKnownFileType = image.png; path = Profile.png; sourceTree = "<group>"; };
		06CF638E23CC874900F95329 /* Home.png */ = {isa = PBXFileReference; lastKnownFileType = image.png; path = Home.png; sourceTree = "<group>"; };
		06CF638F23CC874900F95329 /* History.png */ = {isa = PBXFileReference; lastKnownFileType = image.png; path = History.png; sourceTree = "<group>"; };
		06CF639023CC874900F95329 /* Promotion.png */ = {isa = PBXFileReference; lastKnownFileType = image.png; path = Promotion.png; sourceTree = "<group>"; };
		06CF639623CC8C2900F95329 /* Profile@2x.png */ = {isa = PBXFileReference; lastKnownFileType = image.png; path = "Profile@2x.png"; sourceTree = "<group>"; };
		06CF639723CC8C2A00F95329 /* History@2x.png */ = {isa = PBXFileReference; lastKnownFileType = image.png; path = "History@2x.png"; sourceTree = "<group>"; };
		06CF639823CC8C2E00F95329 /* Home@2x.png */ = {isa = PBXFileReference; lastKnownFileType = image.png; path = "Home@2x.png"; sourceTree = "<group>"; };
		06CF639C23CC8C8000F95329 /* Promotion@2x.png */ = {isa = PBXFileReference; lastKnownFileType = image.png; path = "Promotion@2x.png"; sourceTree = "<group>"; };
		06D6BF17239E39B000AB52DB /* MapsViewController.h */ = {isa = PBXFileReference; lastKnownFileType = sourcecode.c.h; path = MapsViewController.h; sourceTree = "<group>"; };
		06D6BF18239E39B000AB52DB /* MapsViewController.m */ = {isa = PBXFileReference; lastKnownFileType = sourcecode.c.objc; path = MapsViewController.m; sourceTree = "<group>"; };
		06DB662F23E808A60062476C /* backbutton@2x.png */ = {isa = PBXFileReference; lastKnownFileType = image.png; path = "backbutton@2x.png"; sourceTree = "<group>"; };
		06DB663023E808A70062476C /* backbutton@3x.png */ = {isa = PBXFileReference; lastKnownFileType = image.png; path = "backbutton@3x.png"; sourceTree = "<group>"; };
		06DFA80023A9C69F00FBE763 /* JUntil.h */ = {isa = PBXFileReference; lastKnownFileType = sourcecode.c.h; path = JUntil.h; sourceTree = "<group>"; };
		06DFA80123A9C69F00FBE763 /* JUntil.m */ = {isa = PBXFileReference; lastKnownFileType = sourcecode.c.objc; path = JUntil.m; sourceTree = "<group>"; };
		06DFA80423AB8B6C00FBE763 /* RateViewController.h */ = {isa = PBXFileReference; lastKnownFileType = sourcecode.c.h; path = RateViewController.h; sourceTree = "<group>"; };
		06DFA80523AB8B6C00FBE763 /* RateViewController.m */ = {isa = PBXFileReference; lastKnownFileType = sourcecode.c.objc; path = RateViewController.m; sourceTree = "<group>"; };
		06EC9F1C2396734A00474EE3 /* HomeTaskCell.xib */ = {isa = PBXFileReference; lastKnownFileType = file.xib; path = HomeTaskCell.xib; sourceTree = "<group>"; };
		06EC9F1E2396736200474EE3 /* HomeTaskTableViewCell.h */ = {isa = PBXFileReference; lastKnownFileType = sourcecode.c.h; path = HomeTaskTableViewCell.h; sourceTree = "<group>"; };
		06EC9F1F2396736200474EE3 /* HomeTaskTableViewCell.m */ = {isa = PBXFileReference; lastKnownFileType = sourcecode.c.objc; path = HomeTaskTableViewCell.m; sourceTree = "<group>"; };
		06EC9F212396784100474EE3 /* HomePromotionCell.xib */ = {isa = PBXFileReference; lastKnownFileType = file.xib; path = HomePromotionCell.xib; sourceTree = "<group>"; };
		06EC9F232396786100474EE3 /* HomePromotionTableViewCell.h */ = {isa = PBXFileReference; lastKnownFileType = sourcecode.c.h; path = HomePromotionTableViewCell.h; sourceTree = "<group>"; };
		06EC9F242396786100474EE3 /* HomePromotionTableViewCell.m */ = {isa = PBXFileReference; lastKnownFileType = sourcecode.c.objc; path = HomePromotionTableViewCell.m; sourceTree = "<group>"; };
		06EC9F2623968A6200474EE3 /* HomePromotionHeaderCell.xib */ = {isa = PBXFileReference; lastKnownFileType = file.xib; path = HomePromotionHeaderCell.xib; sourceTree = "<group>"; };
		06EC9F2B23968C7000474EE3 /* HomePromotionHeaderViewCell.h */ = {isa = PBXFileReference; lastKnownFileType = sourcecode.c.h; path = HomePromotionHeaderViewCell.h; sourceTree = "<group>"; };
		06EC9F2C23968C7000474EE3 /* HomePromotionHeaderViewCell.m */ = {isa = PBXFileReference; lastKnownFileType = sourcecode.c.objc; path = HomePromotionHeaderViewCell.m; sourceTree = "<group>"; };
		06ED4C1023A0EDD10072EB15 /* TimeSelectionCell.xib */ = {isa = PBXFileReference; lastKnownFileType = file.xib; path = TimeSelectionCell.xib; sourceTree = "<group>"; };
		06ED4C1223A0EDE90072EB15 /* TimeSelectionTableViewCell.h */ = {isa = PBXFileReference; lastKnownFileType = sourcecode.c.h; path = TimeSelectionTableViewCell.h; sourceTree = "<group>"; };
		06ED4C1323A0EDE90072EB15 /* TimeSelectionTableViewCell.m */ = {isa = PBXFileReference; lastKnownFileType = sourcecode.c.objc; path = TimeSelectionTableViewCell.m; sourceTree = "<group>"; };
		06ED4C1523A0FD130072EB15 /* DaySelectionCell.xib */ = {isa = PBXFileReference; lastKnownFileType = file.xib; path = DaySelectionCell.xib; sourceTree = "<group>"; };
		06ED4C1723A0FD220072EB15 /* DaySelectionTableViewCell.h */ = {isa = PBXFileReference; lastKnownFileType = sourcecode.c.h; path = DaySelectionTableViewCell.h; sourceTree = "<group>"; };
		06ED4C1823A0FD220072EB15 /* DaySelectionTableViewCell.m */ = {isa = PBXFileReference; lastKnownFileType = sourcecode.c.objc; path = DaySelectionTableViewCell.m; sourceTree = "<group>"; };
		06F6E4FE23A8AFC60006DAB8 /* GoogleService-Info.plist */ = {isa = PBXFileReference; fileEncoding = 4; lastKnownFileType = text.plist.xml; path = "GoogleService-Info.plist"; sourceTree = "<group>"; };
		06F6E50023A8AFE40006DAB8 /* JupViec.entitlements */ = {isa = PBXFileReference; lastKnownFileType = text.plist.entitlements; path = JupViec.entitlements; sourceTree = "<group>"; };
		06FD73BF23A2527F00528A00 /* DayLabel.h */ = {isa = PBXFileReference; lastKnownFileType = sourcecode.c.h; path = DayLabel.h; sourceTree = "<group>"; };
		06FD73C023A2527F00528A00 /* DayLabel.m */ = {isa = PBXFileReference; lastKnownFileType = sourcecode.c.objc; path = DayLabel.m; sourceTree = "<group>"; };
		06FEA1DD2394BCC0005D58B9 /* HistoryViewController.h */ = {isa = PBXFileReference; lastKnownFileType = sourcecode.c.h; path = HistoryViewController.h; sourceTree = "<group>"; };
		06FEA1DE2394BCC0005D58B9 /* HistoryViewController.m */ = {isa = PBXFileReference; lastKnownFileType = sourcecode.c.objc; path = HistoryViewController.m; sourceTree = "<group>"; };
		06FEA1E02394CBCC005D58B9 /* HistoryCell.xib */ = {isa = PBXFileReference; lastKnownFileType = file.xib; path = HistoryCell.xib; sourceTree = "<group>"; };
		06FEA1E22394CC0E005D58B9 /* HistoryTableViewCell.h */ = {isa = PBXFileReference; lastKnownFileType = sourcecode.c.h; path = HistoryTableViewCell.h; sourceTree = "<group>"; };
		06FEA1E32394CC0E005D58B9 /* HistoryTableViewCell.m */ = {isa = PBXFileReference; lastKnownFileType = sourcecode.c.objc; path = HistoryTableViewCell.m; sourceTree = "<group>"; };
		06FEA1E6239544F2005D58B9 /* DetailOrderViewController.h */ = {isa = PBXFileReference; lastKnownFileType = sourcecode.c.h; path = DetailOrderViewController.h; sourceTree = "<group>"; };
		06FEA1E7239544F2005D58B9 /* DetailOrderViewController.m */ = {isa = PBXFileReference; lastKnownFileType = sourcecode.c.objc; path = DetailOrderViewController.m; sourceTree = "<group>"; };
		4F3649E165524B914C1FE02A /* Pods-JupViec.debug.xcconfig */ = {isa = PBXFileReference; includeInIndex = 1; lastKnownFileType = text.xcconfig; name = "Pods-JupViec.debug.xcconfig"; path = "Target Support Files/Pods-JupViec/Pods-JupViec.debug.xcconfig"; sourceTree = "<group>"; };
		831705F523B7710600A3493E /* JView.h */ = {isa = PBXFileReference; lastKnownFileType = sourcecode.c.h; path = JView.h; sourceTree = "<group>"; };
		831705F623B7710600A3493E /* JView.m */ = {isa = PBXFileReference; lastKnownFileType = sourcecode.c.objc; path = JView.m; sourceTree = "<group>"; };
		8375E7DE23BA4ED8008595FD /* LoginButton.h */ = {isa = PBXFileReference; fileEncoding = 4; lastKnownFileType = sourcecode.c.h; path = LoginButton.h; sourceTree = "<group>"; };
		8375E7DF23BA4ED9008595FD /* LoginButton.m */ = {isa = PBXFileReference; fileEncoding = 4; lastKnownFileType = sourcecode.c.objc; path = LoginButton.m; sourceTree = "<group>"; };
		83D0FE3A23BCA14800688924 /* Comfortaa-SemiBold.ttf */ = {isa = PBXFileReference; lastKnownFileType = file; path = "Comfortaa-SemiBold.ttf"; sourceTree = "<group>"; };
		83D0FE3B23BCA14800688924 /* Comfortaa-Medium.ttf */ = {isa = PBXFileReference; lastKnownFileType = file; path = "Comfortaa-Medium.ttf"; sourceTree = "<group>"; };
		83D0FE3C23BCA14800688924 /* Comfortaa-Regular.ttf */ = {isa = PBXFileReference; lastKnownFileType = file; path = "Comfortaa-Regular.ttf"; sourceTree = "<group>"; };
		83D0FE3D23BCA14800688924 /* Comfortaa-Light.ttf */ = {isa = PBXFileReference; lastKnownFileType = file; path = "Comfortaa-Light.ttf"; sourceTree = "<group>"; };
		83D0FE3E23BCA14900688924 /* Comfortaa-Bold.ttf */ = {isa = PBXFileReference; lastKnownFileType = file; path = "Comfortaa-Bold.ttf"; sourceTree = "<group>"; };
		83D0FE4423BCACAF00688924 /* buttonrect.png */ = {isa = PBXFileReference; lastKnownFileType = image.png; path = buttonrect.png; sourceTree = "<group>"; };
		83D0FE4623BCB0E800688924 /* headerEllipse.png */ = {isa = PBXFileReference; lastKnownFileType = image.png; path = headerEllipse.png; sourceTree = "<group>"; };
		83D0FE4823BCC4A300688924 /* Roboto-Black.ttf */ = {isa = PBXFileReference; lastKnownFileType = file; path = "Roboto-Black.ttf"; sourceTree = "<group>"; };
		83D0FE4923BCC4A300688924 /* Roboto-BlackItalic.ttf */ = {isa = PBXFileReference; lastKnownFileType = file; path = "Roboto-BlackItalic.ttf"; sourceTree = "<group>"; };
		83D0FE4A23BCC4A300688924 /* Roboto-Regular.ttf */ = {isa = PBXFileReference; lastKnownFileType = file; path = "Roboto-Regular.ttf"; sourceTree = "<group>"; };
		83D0FE4B23BCC4A300688924 /* Roboto-Light.ttf */ = {isa = PBXFileReference; lastKnownFileType = file; path = "Roboto-Light.ttf"; sourceTree = "<group>"; };
		83D0FE4C23BCC4A300688924 /* Roboto-Bold.ttf */ = {isa = PBXFileReference; lastKnownFileType = file; path = "Roboto-Bold.ttf"; sourceTree = "<group>"; };
		83D0FE4D23BCC4A400688924 /* Roboto-Italic.ttf */ = {isa = PBXFileReference; lastKnownFileType = file; path = "Roboto-Italic.ttf"; sourceTree = "<group>"; };
		83D0FE4E23BCC4A400688924 /* Roboto-BoldItalic.ttf */ = {isa = PBXFileReference; lastKnownFileType = file; path = "Roboto-BoldItalic.ttf"; sourceTree = "<group>"; };
		83D0FE4F23BCC4A400688924 /* Roboto-Medium.ttf */ = {isa = PBXFileReference; lastKnownFileType = file; path = "Roboto-Medium.ttf"; sourceTree = "<group>"; };
		83D0FE5023BCC4A400688924 /* Roboto-Thin.ttf */ = {isa = PBXFileReference; lastKnownFileType = file; path = "Roboto-Thin.ttf"; sourceTree = "<group>"; };
		83D0FE5123BCC4A400688924 /* Roboto-MediumItalic.ttf */ = {isa = PBXFileReference; lastKnownFileType = file; path = "Roboto-MediumItalic.ttf"; sourceTree = "<group>"; };
		83D0FE5223BCC4A500688924 /* Roboto-ThinItalic.ttf */ = {isa = PBXFileReference; lastKnownFileType = file; path = "Roboto-ThinItalic.ttf"; sourceTree = "<group>"; };
		83D0FE5323BCC4A500688924 /* Roboto-LightItalic.ttf */ = {isa = PBXFileReference; lastKnownFileType = file; path = "Roboto-LightItalic.ttf"; sourceTree = "<group>"; };
		C5473C782A87585FD2C38DA3 /* Pods-JupViec.release.xcconfig */ = {isa = PBXFileReference; includeInIndex = 1; lastKnownFileType = text.xcconfig; name = "Pods-JupViec.release.xcconfig"; path = "Target Support Files/Pods-JupViec/Pods-JupViec.release.xcconfig"; sourceTree = "<group>"; };
		CE344EA623CF03A800824260 /* FAQTableViewCell.h */ = {isa = PBXFileReference; lastKnownFileType = sourcecode.c.h; path = FAQTableViewCell.h; sourceTree = "<group>"; };
		CE344EA723CF03A800824260 /* FAQTableViewCell.m */ = {isa = PBXFileReference; lastKnownFileType = sourcecode.c.objc; path = FAQTableViewCell.m; sourceTree = "<group>"; };
		CE344EA823CF03A800824260 /* FAQTableViewCell.xib */ = {isa = PBXFileReference; lastKnownFileType = file.xib; path = FAQTableViewCell.xib; sourceTree = "<group>"; };
		CE344EAB23CF1F1100824260 /* FAQViewController.h */ = {isa = PBXFileReference; lastKnownFileType = sourcecode.c.h; path = FAQViewController.h; sourceTree = "<group>"; };
		CE344EAC23CF1F1100824260 /* FAQViewController.m */ = {isa = PBXFileReference; lastKnownFileType = sourcecode.c.objc; path = FAQViewController.m; sourceTree = "<group>"; };
		CE717E2723D0588E007C5ACC /* Polygon 6.png */ = {isa = PBXFileReference; lastKnownFileType = image.png; path = "Polygon 6.png"; sourceTree = "<group>"; };
		CE717E2823D0588E007C5ACC /* Polygon 7.png */ = {isa = PBXFileReference; lastKnownFileType = image.png; path = "Polygon 7.png"; sourceTree = "<group>"; };
		CE717E2B23D0685A007C5ACC /* FeedbackViewController.h */ = {isa = PBXFileReference; lastKnownFileType = sourcecode.c.h; path = FeedbackViewController.h; sourceTree = "<group>"; };
		CE717E2C23D0685A007C5ACC /* FeedbackViewController.m */ = {isa = PBXFileReference; lastKnownFileType = sourcecode.c.objc; path = FeedbackViewController.m; sourceTree = "<group>"; };
		CEA0919123A796FA00D2502F /* AccountInfoViewController.h */ = {isa = PBXFileReference; lastKnownFileType = sourcecode.c.h; path = AccountInfoViewController.h; sourceTree = "<group>"; };
		CEA0919223A796FA00D2502F /* AccountInfoViewController.m */ = {isa = PBXFileReference; lastKnownFileType = sourcecode.c.objc; path = AccountInfoViewController.m; sourceTree = "<group>"; };
		CEA0919423A79D7300D2502F /* EditAccountInfoViewController.h */ = {isa = PBXFileReference; lastKnownFileType = sourcecode.c.h; path = EditAccountInfoViewController.h; sourceTree = "<group>"; };
		CEA0919523A79D7300D2502F /* EditAccountInfoViewController.m */ = {isa = PBXFileReference; lastKnownFileType = sourcecode.c.objc; path = EditAccountInfoViewController.m; sourceTree = "<group>"; };
		CEA83F1523911F5F001C1512 /* APIRequest.m */ = {isa = PBXFileReference; fileEncoding = 4; lastKnownFileType = sourcecode.c.objc; path = APIRequest.m; sourceTree = "<group>"; };
		CEA83F1623911F60001C1512 /* APIRequest.h */ = {isa = PBXFileReference; fileEncoding = 4; lastKnownFileType = sourcecode.c.h; path = APIRequest.h; sourceTree = "<group>"; };
		CEA83F19239120BE001C1512 /* User.m */ = {isa = PBXFileReference; fileEncoding = 4; lastKnownFileType = sourcecode.c.objc; path = User.m; sourceTree = "<group>"; };
		CEA83F1A239120BE001C1512 /* User.h */ = {isa = PBXFileReference; fileEncoding = 4; lastKnownFileType = sourcecode.c.h; path = User.h; sourceTree = "<group>"; };
		CEFD75B12394FAD80040699B /* CreatePasswordViewController.m */ = {isa = PBXFileReference; fileEncoding = 4; lastKnownFileType = sourcecode.c.objc; path = CreatePasswordViewController.m; sourceTree = "<group>"; };
		EF954FD1F9AE36C1F76ACB82 /* Pods_JupViec.framework */ = {isa = PBXFileReference; explicitFileType = wrapper.framework; includeInIndex = 0; path = Pods_JupViec.framework; sourceTree = BUILT_PRODUCTS_DIR; };
/* End PBXFileReference section */

/* Begin PBXFrameworksBuildPhase section */
		0658BEB1238FAC7800CBBAD1 /* Frameworks */ = {
			isa = PBXFrameworksBuildPhase;
			buildActionMask = 2147483647;
			files = (
				066603502390BBA30036847C /* CoreLocation.framework in Frameworks */,
				4CCA650DE5769D6F06336B2A /* Pods_JupViec.framework in Frameworks */,
			);
			runOnlyForDeploymentPostprocessing = 0;
		};
/* End PBXFrameworksBuildPhase section */

/* Begin PBXGroup section */
		0601E193238FAEEE00403C95 /* Until */ = {
			isa = PBXGroup;
			children = (
				0601E194238FAEEE00403C95 /* CommonDefines.h */,
				06DFA80023A9C69F00FBE763 /* JUntil.h */,
				06DFA80123A9C69F00FBE763 /* JUntil.m */,
			);
			path = Until;
			sourceTree = "<group>";
		};
		0601E197238FAEEE00403C95 /* Resource */ = {
			isa = PBXGroup;
			children = (
				06863F8023E90EB1003F1817 /* makhuyenmai.png */,
				831705F223B76F3B00A3493E /* icon */,
				0667ECA223B47835004AAA5E /* button */,
				0601E1AA238FAEEE00403C95 /* background.jpg */,
			);
			path = Resource;
			sourceTree = "<group>";
		};
		0601E316238FAEEF00403C95 /* View */ = {
			isa = PBXGroup;
			children = (
				06CF5D0223B5EF610066A551 /* CustomControll */,
				06222E21239E47F200AE24C5 /* Popup */,
				0612A381239617C500A82BB9 /* Information */,
				0612A37D239617C100A82BB9 /* Notice */,
				06FEA1DC2394BCAD005D58B9 /* History */,
				0633A783239109CC0094219D /* HomeView */,
				0601E317238FAEEF00403C95 /* SignIn */,
				0601E31A238FAEEF00403C95 /* Welcome */,
			);
			path = View;
			sourceTree = "<group>";
		};
		0601E317238FAEEF00403C95 /* SignIn */ = {
			isa = PBXGroup;
			children = (
				0601E318238FAEEF00403C95 /* SignInViewController.h */,
				0601E319238FAEEF00403C95 /* SignInViewController.m */,
				0633A788239113080094219D /* OTPCheckViewController.h */,
				0633A789239113080094219D /* OTPCheckViewController.m */,
				0633A78E239117890094219D /* CreatePasswordViewController.h */,
				CEFD75B12394FAD80040699B /* CreatePasswordViewController.m */,
				0633A791239117E00094219D /* LoginWithPasswordViewController.h */,
				0633A792239117E00094219D /* LoginWithPasswordViewController.m */,
			);
			path = SignIn;
			sourceTree = "<group>";
		};
		0601E31A238FAEEF00403C95 /* Welcome */ = {
			isa = PBXGroup;
			children = (
				0601E31B238FAEEF00403C95 /* WelcomeViewController.h */,
				0601E31C238FAEEF00403C95 /* WelcomeViewController.m */,
			);
			path = Welcome;
			sourceTree = "<group>";
		};
		0612A37D239617C100A82BB9 /* Notice */ = {
			isa = PBXGroup;
			children = (
				0612A37E239617C100A82BB9 /* NoticeViewController.h */,
				0612A37F239617C100A82BB9 /* NoticeViewController.m */,
				0612A38523961D7E00A82BB9 /* NoticeCell.xib */,
				0612A38723961D8A00A82BB9 /* CouponCell.xib */,
				0612A38923961DA800A82BB9 /* NoticeTableViewCell.h */,
				0612A38A23961DA800A82BB9 /* NoticeTableViewCell.m */,
				0612A38C23961DB900A82BB9 /* CouponTableViewCell.h */,
				0612A38D23961DB900A82BB9 /* CouponTableViewCell.m */,
				0612A3972396531500A82BB9 /* NoticeDetailViewController.h */,
				0612A3982396531500A82BB9 /* NoticeDetailViewController.m */,
			);
			path = Notice;
			sourceTree = "<group>";
		};
		0612A381239617C500A82BB9 /* Information */ = {
			isa = PBXGroup;
			children = (
				0612A382239617DA00A82BB9 /* InformationViewController.h */,
				0612A383239617DA00A82BB9 /* InformationViewController.m */,
				CE344EAB23CF1F1100824260 /* FAQViewController.h */,
				CE344EAC23CF1F1100824260 /* FAQViewController.m */,
				CE717E2B23D0685A007C5ACC /* FeedbackViewController.h */,
				CE717E2C23D0685A007C5ACC /* FeedbackViewController.m */,
				0612A38F239621AE00A82BB9 /* InformationCell.xib */,
				0612A391239621F500A82BB9 /* InformationTableViewCell.h */,
				0612A392239621F500A82BB9 /* InformationTableViewCell.m */,
				0612A39A239657E700A82BB9 /* InformationDetailViewController.h */,
				0612A39B239657E700A82BB9 /* InformationDetailViewController.m */,
				CE344EA623CF03A800824260 /* FAQTableViewCell.h */,
				CE344EA723CF03A800824260 /* FAQTableViewCell.m */,
				CE344EA823CF03A800824260 /* FAQTableViewCell.xib */,
			);
			path = Information;
			sourceTree = "<group>";
		};
		062061C72390B94300956FF4 /* Frameworks */ = {
			isa = PBXGroup;
			children = (
				0666034E2390BB110036847C /* CoreLocation.framework */,
				062061C82390B94300956FF4 /* MapKit.framework */,
				EF954FD1F9AE36C1F76ACB82 /* Pods_JupViec.framework */,
			);
			name = Frameworks;
			sourceTree = "<group>";
		};
		06222E21239E47F200AE24C5 /* Popup */ = {
			isa = PBXGroup;
			children = (
				0695AD0623D013930056C7B2 /* Loading */,
				06CF638423CC631500F95329 /* Alert */,
				066F890923C71958008C9844 /* ExtendService */,
				06684827239F9D9F00A463A7 /* DateTime */,
				0668482B239FAB7D00A463A7 /* TextInput */,
				06222E25239E4A7200AE24C5 /* PopupView.h */,
				06222E26239E4A7200AE24C5 /* PopupView.m */,
			);
			path = Popup;
			sourceTree = "<group>";
		};
		0633A783239109CC0094219D /* HomeView */ = {
			isa = PBXGroup;
			children = (
				067A398D23A88AA000740FA3 /* ConfirmOrder */,
				068DDEF5239915EE009484E7 /* Header */,
				068DDEF4239915DC009484E7 /* Cell */,
				068DDEEA23990D62009484E7 /* PlaceOrder */,
				0633A784239109E60094219D /* HomeViewController.h */,
				0633A785239109E60094219D /* HomeViewController.m */,
				CEA0919123A796FA00D2502F /* AccountInfoViewController.h */,
				CEA0919223A796FA00D2502F /* AccountInfoViewController.m */,
				CEA0919423A79D7300D2502F /* EditAccountInfoViewController.h */,
				CEA0919523A79D7300D2502F /* EditAccountInfoViewController.m */,
			);
			path = HomeView;
			sourceTree = "<group>";
		};
		0658BEAB238FAC7800CBBAD1 = {
			isa = PBXGroup;
			children = (
				83D0FE3923BCA12E00688924 /* Font */,
				CEA83F1823912052001C1512 /* Model */,
				CEA83F1423911F32001C1512 /* API */,
				0601E197238FAEEE00403C95 /* Resource */,
				0601E193238FAEEE00403C95 /* Until */,
				0601E316238FAEEF00403C95 /* View */,
				0658BEB6238FAC7800CBBAD1 /* JupViec */,
				0658BEB5238FAC7800CBBAD1 /* Products */,
				062061C72390B94300956FF4 /* Frameworks */,
				D1E8393A2937EB5096E7DFB8 /* Pods */,
			);
			sourceTree = "<group>";
		};
		0658BEB5238FAC7800CBBAD1 /* Products */ = {
			isa = PBXGroup;
			children = (
				0658BEB4238FAC7800CBBAD1 /* JupViec.app */,
			);
			name = Products;
			sourceTree = "<group>";
		};
		0658BEB6238FAC7800CBBAD1 /* JupViec */ = {
			isa = PBXGroup;
			children = (
				06F6E50023A8AFE40006DAB8 /* JupViec.entitlements */,
				06F6E4FE23A8AFC60006DAB8 /* GoogleService-Info.plist */,
				0658BEB7238FAC7800CBBAD1 /* AppDelegate.h */,
				0658BEB8238FAC7800CBBAD1 /* AppDelegate.m */,
				0658BEBA238FAC7800CBBAD1 /* ViewController.h */,
				0658BEBB238FAC7800CBBAD1 /* ViewController.m */,
				0658BEBD238FAC7800CBBAD1 /* Main.storyboard */,
				0658BEC0238FAC7800CBBAD1 /* Assets.xcassets */,
				0658BEC2238FAC7800CBBAD1 /* LaunchScreen.storyboard */,
				0658BEC5238FAC7800CBBAD1 /* Info.plist */,
				0658BEC6238FAC7800CBBAD1 /* main.m */,
			);
			path = JupViec;
			sourceTree = "<group>";
		};
		0667ECA223B47835004AAA5E /* button */ = {
			isa = PBXGroup;
			children = (
				0664AAD723D838BF006E7993 /* select@2x.png */,
				0664AAD623D838BF006E7993 /* select@3x.png */,
				0664AAD523D838BF006E7993 /* unselect@2x.png */,
				0664AAD823D838BF006E7993 /* unselect@3x.png */,
				06831E2C23D6FAEE0059A123 /* rate@2x.png */,
				06831E2A23D6FAEE0059A123 /* rate@3x.png */,
				06831E2B23D6FAEE0059A123 /* unrate@2x.png */,
				06831E2923D6FAEE0059A123 /* unrate@3x.png */,
				CE717E2723D0588E007C5ACC /* Polygon 6.png */,
				CE717E2823D0588E007C5ACC /* Polygon 7.png */,
				064B1FA523C70528006DC513 /* add.png */,
				064B1FA623C70528006DC513 /* delete.png */,
				064B1FA423C70527006DC513 /* select.png */,
				064B1FA723C70529006DC513 /* unselect.png */,
				0608E3CC23BF3180000EE8B1 /* rate.png */,
				0608E3CD23BF3180000EE8B1 /* unrate.png */,
				83D0FE4623BCB0E800688924 /* headerEllipse.png */,
				83D0FE4423BCACAF00688924 /* buttonrect.png */,
				06CF5D0C23B5EFF20066A551 /* backbutton.png */,
				06DB662F23E808A60062476C /* backbutton@2x.png */,
				06DB663023E808A70062476C /* backbutton@3x.png */,
				0667ECA323B47867004AAA5E /* button.png */,
				0667ECA423B47867004AAA5E /* welcome.png */,
			);
			path = button;
			sourceTree = "<group>";
		};
		06684827239F9D9F00A463A7 /* DateTime */ = {
			isa = PBXGroup;
			children = (
				06684828239F9DC900A463A7 /* DateTimePickerPopupController.h */,
				06684829239F9DC900A463A7 /* DateTimePickerPopupController.m */,
			);
			path = DateTime;
			sourceTree = "<group>";
		};
		0668482B239FAB7D00A463A7 /* TextInput */ = {
			isa = PBXGroup;
			children = (
				06222E22239E489C00AE24C5 /* TextDetailPopupController.h */,
				06222E23239E489C00AE24C5 /* TextDetailPopupController.m */,
			);
			path = TextInput;
			sourceTree = "<group>";
		};
		066F890923C71958008C9844 /* ExtendService */ = {
			isa = PBXGroup;
			children = (
				066F890D23C719A8008C9844 /* ExtendServicePopupController.h */,
				066F890E23C719A8008C9844 /* ExtendServicePopupController.m */,
			);
			path = ExtendService;
			sourceTree = "<group>";
		};
		067A398D23A88AA000740FA3 /* ConfirmOrder */ = {
			isa = PBXGroup;
			children = (
				067A398E23A88ABC00740FA3 /* ConfirmOrderViewController.h */,
				067A398F23A88ABC00740FA3 /* ConfirmOrderViewController.m */,
			);
			path = ConfirmOrder;
			sourceTree = "<group>";
		};
		068DDEEA23990D62009484E7 /* PlaceOrder */ = {
			isa = PBXGroup;
			children = (
				06D6BF16239E399000AB52DB /* Maps */,
				068DDEEE23991393009484E7 /* Cell */,
				068DDEEB23990D8C009484E7 /* PlaceOrderViewController.h */,
				068DDEEC23990D8C009484E7 /* PlaceOrderViewController.m */,
			);
			path = PlaceOrder;
			sourceTree = "<group>";
		};
		068DDEEE23991393009484E7 /* Cell */ = {
			isa = PBXGroup;
			children = (
				06FD73BE23A2526100528A00 /* Controll */,
				068DDEEF23991431009484E7 /* CommonCell.xib */,
				068DDEF12399144C009484E7 /* PlaceOrderCommonTableViewCell.h */,
				068DDEF22399144C009484E7 /* PlaceOrderCommonTableViewCell.m */,
				06ED4C1023A0EDD10072EB15 /* TimeSelectionCell.xib */,
				06ED4C1223A0EDE90072EB15 /* TimeSelectionTableViewCell.h */,
				06ED4C1323A0EDE90072EB15 /* TimeSelectionTableViewCell.m */,
				06ED4C1523A0FD130072EB15 /* DaySelectionCell.xib */,
				06ED4C1723A0FD220072EB15 /* DaySelectionTableViewCell.h */,
				06ED4C1823A0FD220072EB15 /* DaySelectionTableViewCell.m */,
				064B1F9F23C70430006DC513 /* ExtendService.xib */,
				064B1FA123C70445006DC513 /* ExtentServiceTableViewCell.h */,
				064B1FA223C70445006DC513 /* ExtentServiceTableViewCell.m */,
				064B1FAC23C70912006DC513 /* ServiceCell.xib */,
				064B1FAE23C70A6D006DC513 /* ServiceCell.h */,
				064B1FAF23C70A6D006DC513 /* ServiceCell.m */,
			);
			path = Cell;
			sourceTree = "<group>";
		};
		068DDEF4239915DC009484E7 /* Cell */ = {
			isa = PBXGroup;
			children = (
				06EC9F1C2396734A00474EE3 /* HomeTaskCell.xib */,
				06EC9F1E2396736200474EE3 /* HomeTaskTableViewCell.h */,
				06EC9F1F2396736200474EE3 /* HomeTaskTableViewCell.m */,
				06EC9F212396784100474EE3 /* HomePromotionCell.xib */,
				06EC9F232396786100474EE3 /* HomePromotionTableViewCell.h */,
				06EC9F242396786100474EE3 /* HomePromotionTableViewCell.m */,
				06B620BB2397B3930036DCF9 /* HomePromotionCollectionViewCell.h */,
				06B620BC2397B3930036DCF9 /* HomePromotionCollectionViewCell.m */,
				065105E623A33F0500B5339B /* HomePromotionCollectionCell.xib */,
			);
			path = Cell;
			sourceTree = "<group>";
		};
		068DDEF5239915EE009484E7 /* Header */ = {
			isa = PBXGroup;
			children = (
				06EC9F2623968A6200474EE3 /* HomePromotionHeaderCell.xib */,
				06EC9F2B23968C7000474EE3 /* HomePromotionHeaderViewCell.h */,
				06EC9F2C23968C7000474EE3 /* HomePromotionHeaderViewCell.m */,
			);
			path = Header;
			sourceTree = "<group>";
		};
		0695AD0623D013930056C7B2 /* Loading */ = {
			isa = PBXGroup;
			children = (
				0695AD0723D013AA0056C7B2 /* LoadingViewController.h */,
				0695AD0823D013AA0056C7B2 /* LoadingViewController.m */,
			);
			path = Loading;
			sourceTree = "<group>";
		};
		06CF5D0223B5EF610066A551 /* CustomControll */ = {
			isa = PBXGroup;
			children = (
				8375E7DE23BA4ED8008595FD /* LoginButton.h */,
				8375E7DF23BA4ED9008595FD /* LoginButton.m */,
				06CF5D0323B5EF760066A551 /* JViewController.h */,
				06CF5D0423B5EF760066A551 /* JViewController.m */,
				06CF5D0623B5EF860066A551 /* JNavigationBar.h */,
				06CF5D0723B5EF860066A551 /* JNavigationBar.m */,
				06CF5D0923B5EF9A0066A551 /* JNavigationViewController.h */,
				06CF5D0A23B5EF9A0066A551 /* JNavigationViewController.m */,
				06CF5D0E23B5FE880066A551 /* JTableView.h */,
				06CF5D0F23B5FE880066A551 /* JTableView.m */,
				06CF5D1123B601670066A551 /* JTextView.h */,
				06CF5D1223B601670066A551 /* JTextView.m */,
				06B1F32B23B6101400B70CEE /* JLabel.h */,
				06B1F32C23B6101400B70CEE /* JLabel.m */,
				831705F523B7710600A3493E /* JView.h */,
				831705F623B7710600A3493E /* JView.m */,
				063A1C3E23BDA53F00456CBC /* JButton.h */,
				063A1C3F23BDA53F00456CBC /* JButton.m */,
				06CF638123CC555C00F95329 /* JTextField.h */,
				06CF638223CC555C00F95329 /* JTextField.m */,
			);
			path = CustomControll;
			sourceTree = "<group>";
		};
		06CF638423CC631500F95329 /* Alert */ = {
			isa = PBXGroup;
			children = (
				06CF638523CC646F00F95329 /* JAlertPopupController.h */,
				06CF638623CC646F00F95329 /* JAlertPopupController.m */,
			);
			path = Alert;
			sourceTree = "<group>";
		};
		06D6BF16239E399000AB52DB /* Maps */ = {
			isa = PBXGroup;
			children = (
				06D6BF17239E39B000AB52DB /* MapsViewController.h */,
				06D6BF18239E39B000AB52DB /* MapsViewController.m */,
			);
			path = Maps;
			sourceTree = "<group>";
		};
		06DFA80323AB8B5800FBE763 /* Rate */ = {
			isa = PBXGroup;
			children = (
				06DFA80423AB8B6C00FBE763 /* RateViewController.h */,
				06DFA80523AB8B6C00FBE763 /* RateViewController.m */,
			);
			path = Rate;
			sourceTree = "<group>";
		};
		06FD73BE23A2526100528A00 /* Controll */ = {
			isa = PBXGroup;
			children = (
				06FD73BF23A2527F00528A00 /* DayLabel.h */,
				06FD73C023A2527F00528A00 /* DayLabel.m */,
			);
			path = Controll;
			sourceTree = "<group>";
		};
		06FEA1DC2394BCAD005D58B9 /* History */ = {
			isa = PBXGroup;
			children = (
				06DFA80323AB8B5800FBE763 /* Rate */,
				06FEA1E5239544D1005D58B9 /* DetailOder */,
				06FEA1DD2394BCC0005D58B9 /* HistoryViewController.h */,
				06FEA1DE2394BCC0005D58B9 /* HistoryViewController.m */,
				06FEA1E02394CBCC005D58B9 /* HistoryCell.xib */,
				06FEA1E22394CC0E005D58B9 /* HistoryTableViewCell.h */,
				06FEA1E32394CC0E005D58B9 /* HistoryTableViewCell.m */,
			);
			path = History;
			sourceTree = "<group>";
		};
		06FEA1E5239544D1005D58B9 /* DetailOder */ = {
			isa = PBXGroup;
			children = (
				06FEA1E6239544F2005D58B9 /* DetailOrderViewController.h */,
				06FEA1E7239544F2005D58B9 /* DetailOrderViewController.m */,
			);
			path = DetailOder;
			sourceTree = "<group>";
		};
		831705F223B76F3B00A3493E /* icon */ = {
			isa = PBXGroup;
			children = (
				065E904323E81CFA0083C1BD /* menu.png */,
				065E904123E81CFA0083C1BD /* menu@2x.png */,
				065E904223E81CFA0083C1BD /* menu@3x.png */,
				06CF638F23CC874900F95329 /* History.png */,
				06CF639723CC8C2A00F95329 /* History@2x.png */,
				06CB381823CD7635004F8162 /* History@3x.png */,
				06CF638E23CC874900F95329 /* Home.png */,
				06CF639823CC8C2E00F95329 /* Home@2x.png */,
				06CB381D23CD7636004F8162 /* Home@3x.png */,
				06CF638D23CC874900F95329 /* Profile.png */,
				06CF639623CC8C2900F95329 /* Profile@2x.png */,
				06CB381C23CD7636004F8162 /* Profile@3x.png */,
				06CF639023CC874900F95329 /* Promotion.png */,
				06CB381A23CD7635004F8162 /* Promotion@3x.png */,
				06CF639C23CC8C8000F95329 /* Promotion@2x.png */,
				06CF638823CC6C8F00F95329 /* Contact.png */,
				06CF638923CC6C9000F95329 /* FAQ.png */,
				063A1C3723BDA04000456CBC /* dungdinhky.png */,
				063A1C3923BDA04100456CBC /* dungle.png */,
				063A1C3623BDA04000456CBC /* giatsofa.png */,
				063A1C3823BDA04100456CBC /* tongvesinh.png */,
			);
			path = icon;
			sourceTree = "<group>";
		};
		83D0FE3923BCA12E00688924 /* Font */ = {
			isa = PBXGroup;
			children = (
				83D0FE4823BCC4A300688924 /* Roboto-Black.ttf */,
				83D0FE4923BCC4A300688924 /* Roboto-BlackItalic.ttf */,
				83D0FE4C23BCC4A300688924 /* Roboto-Bold.ttf */,
				83D0FE4E23BCC4A400688924 /* Roboto-BoldItalic.ttf */,
				83D0FE4D23BCC4A400688924 /* Roboto-Italic.ttf */,
				83D0FE4B23BCC4A300688924 /* Roboto-Light.ttf */,
				83D0FE5323BCC4A500688924 /* Roboto-LightItalic.ttf */,
				83D0FE4F23BCC4A400688924 /* Roboto-Medium.ttf */,
				83D0FE5123BCC4A400688924 /* Roboto-MediumItalic.ttf */,
				83D0FE4A23BCC4A300688924 /* Roboto-Regular.ttf */,
				83D0FE5023BCC4A400688924 /* Roboto-Thin.ttf */,
				83D0FE5223BCC4A500688924 /* Roboto-ThinItalic.ttf */,
				83D0FE3E23BCA14900688924 /* Comfortaa-Bold.ttf */,
				83D0FE3D23BCA14800688924 /* Comfortaa-Light.ttf */,
				83D0FE3B23BCA14800688924 /* Comfortaa-Medium.ttf */,
				83D0FE3C23BCA14800688924 /* Comfortaa-Regular.ttf */,
				83D0FE3A23BCA14800688924 /* Comfortaa-SemiBold.ttf */,
			);
			path = Font;
			sourceTree = "<group>";
		};
		CEA83F1423911F32001C1512 /* API */ = {
			isa = PBXGroup;
			children = (
				CEA83F1623911F60001C1512 /* APIRequest.h */,
				CEA83F1523911F5F001C1512 /* APIRequest.m */,
			);
			path = API;
			sourceTree = "<group>";
		};
		CEA83F1823912052001C1512 /* Model */ = {
			isa = PBXGroup;
			children = (
				CEA83F1A239120BE001C1512 /* User.h */,
				CEA83F19239120BE001C1512 /* User.m */,
				06222E28239E64F100AE24C5 /* Order.h */,
				06222E29239E64F100AE24C5 /* Order.m */,
			);
			path = Model;
			sourceTree = "<group>";
		};
		D1E8393A2937EB5096E7DFB8 /* Pods */ = {
			isa = PBXGroup;
			children = (
				4F3649E165524B914C1FE02A /* Pods-JupViec.debug.xcconfig */,
				C5473C782A87585FD2C38DA3 /* Pods-JupViec.release.xcconfig */,
			);
			path = Pods;
			sourceTree = "<group>";
		};
/* End PBXGroup section */

/* Begin PBXNativeTarget section */
		0658BEB3238FAC7800CBBAD1 /* JupViec */ = {
			isa = PBXNativeTarget;
			buildConfigurationList = 0658BECA238FAC7800CBBAD1 /* Build configuration list for PBXNativeTarget "JupViec" */;
			buildPhases = (
				060B2343A17018BCDB5FA520 /* [CP] Check Pods Manifest.lock */,
				0658BEB0238FAC7800CBBAD1 /* Sources */,
				0658BEB1238FAC7800CBBAD1 /* Frameworks */,
				0658BEB2238FAC7800CBBAD1 /* Resources */,
				8ECFA701C9CC632EFB363205 /* [CP] Embed Pods Frameworks */,
				3289EA19A54D71994E58DC47 /* [CP] Copy Pods Resources */,
			);
			buildRules = (
			);
			dependencies = (
			);
			name = JupViec;
			productName = JupViec;
			productReference = 0658BEB4238FAC7800CBBAD1 /* JupViec.app */;
			productType = "com.apple.product-type.application";
		};
/* End PBXNativeTarget section */

/* Begin PBXProject section */
		0658BEAC238FAC7800CBBAD1 /* Project object */ = {
			isa = PBXProject;
			attributes = {
				LastUpgradeCheck = 1020;
				ORGANIZATIONNAME = Olala;
				TargetAttributes = {
					0658BEB3238FAC7800CBBAD1 = {
						CreatedOnToolsVersion = 10.2;
						LastSwiftMigration = 1120;
					};
				};
			};
			buildConfigurationList = 0658BEAF238FAC7800CBBAD1 /* Build configuration list for PBXProject "JupViec" */;
			compatibilityVersion = "Xcode 9.3";
			developmentRegion = en;
			hasScannedForEncodings = 0;
			knownRegions = (
				en,
				Base,
			);
			mainGroup = 0658BEAB238FAC7800CBBAD1;
			productRefGroup = 0658BEB5238FAC7800CBBAD1 /* Products */;
			projectDirPath = "";
			projectRoot = "";
			targets = (
				0658BEB3238FAC7800CBBAD1 /* JupViec */,
			);
		};
/* End PBXProject section */

/* Begin PBXResourcesBuildPhase section */
		0658BEB2238FAC7800CBBAD1 /* Resources */ = {
			isa = PBXResourcesBuildPhase;
			buildActionMask = 2147483647;
			files = (
				06CF639423CC874900F95329 /* History.png in Resources */,
				063A1C3B23BDA04100456CBC /* dungdinhky.png in Resources */,
				064B1FA023C70430006DC513 /* ExtendService.xib in Resources */,
				0664AAD923D838BF006E7993 /* unselect@2x.png in Resources */,
				06DB663223E808A70062476C /* backbutton@3x.png in Resources */,
				06CF639A23CC8C2E00F95329 /* History@2x.png in Resources */,
				068DDEF023991431009484E7 /* CommonCell.xib in Resources */,
				065E904423E81CFA0083C1BD /* menu@2x.png in Resources */,
				06CF638A23CC6C9000F95329 /* Contact.png in Resources */,
				06EC9F2723968A6200474EE3 /* HomePromotionHeaderCell.xib in Resources */,
				83D0FE3F23BCA14900688924 /* Comfortaa-SemiBold.ttf in Resources */,
				83D0FE5423BCC4A500688924 /* Roboto-Black.ttf in Resources */,
				06831E3023D6FAEE0059A123 /* rate@2x.png in Resources */,
				83D0FE5B23BCC4A500688924 /* Roboto-Medium.ttf in Resources */,
				83D0FE5D23BCC4A500688924 /* Roboto-MediumItalic.ttf in Resources */,
				06CF639323CC874900F95329 /* Home.png in Resources */,
				063A1C3C23BDA04100456CBC /* tongvesinh.png in Resources */,
				CE717E2923D0588E007C5ACC /* Polygon 6.png in Resources */,
				0658BEC4238FAC7800CBBAD1 /* LaunchScreen.storyboard in Resources */,
				0608E3CF23BF3180000EE8B1 /* unrate.png in Resources */,
				CE344EAA23CF03A800824260 /* FAQTableViewCell.xib in Resources */,
				06CF639B23CC8C2E00F95329 /* Home@2x.png in Resources */,
				0667ECA523B47867004AAA5E /* button.png in Resources */,
				0658BEC1238FAC7800CBBAD1 /* Assets.xcassets in Resources */,
				06ED4C1123A0EDD10072EB15 /* TimeSelectionCell.xib in Resources */,
				06CB381E23CD7636004F8162 /* History@3x.png in Resources */,
				0601E330238FAEEF00403C95 /* background.jpg in Resources */,
				063A1C3A23BDA04100456CBC /* giatsofa.png in Resources */,
				83D0FE5823BCC4A500688924 /* Roboto-Bold.ttf in Resources */,
				06FEA1E12394CBCC005D58B9 /* HistoryCell.xib in Resources */,
				83D0FE5623BCC4A500688924 /* Roboto-Regular.ttf in Resources */,
				064B1FAD23C70912006DC513 /* ServiceCell.xib in Resources */,
				83D0FE5723BCC4A500688924 /* Roboto-Light.ttf in Resources */,
				0664AADA23D838BF006E7993 /* select@3x.png in Resources */,
				06CF639923CC8C2E00F95329 /* Profile@2x.png in Resources */,
				06CF639223CC874900F95329 /* Profile.png in Resources */,
				064B1FAB23C70529006DC513 /* unselect.png in Resources */,
				06831E2F23D6FAEE0059A123 /* unrate@2x.png in Resources */,
				06CB382323CD7636004F8162 /* Home@3x.png in Resources */,
				065E904623E81CFA0083C1BD /* menu.png in Resources */,
				83D0FE5F23BCC4A500688924 /* Roboto-LightItalic.ttf in Resources */,
				83D0FE5923BCC4A500688924 /* Roboto-Italic.ttf in Resources */,
				0664AADB23D838BF006E7993 /* select@2x.png in Resources */,
				0608E3CE23BF3180000EE8B1 /* rate.png in Resources */,
				06831E2E23D6FAEE0059A123 /* rate@3x.png in Resources */,
				064B1FAA23C70529006DC513 /* delete.png in Resources */,
				06DB663123E808A70062476C /* backbutton@2x.png in Resources */,
				06F6E4FF23A8AFC60006DAB8 /* GoogleService-Info.plist in Resources */,
				0612A38823961D8A00A82BB9 /* CouponCell.xib in Resources */,
				0664AADC23D838BF006E7993 /* unselect@3x.png in Resources */,
				0612A390239621AE00A82BB9 /* InformationCell.xib in Resources */,
				0658BEBF238FAC7800CBBAD1 /* Main.storyboard in Resources */,
				065105E723A33F0500B5339B /* HomePromotionCollectionCell.xib in Resources */,
				064B1FA923C70529006DC513 /* add.png in Resources */,
				83D0FE5523BCC4A500688924 /* Roboto-BlackItalic.ttf in Resources */,
				063A1C3D23BDA04100456CBC /* dungle.png in Resources */,
				0612A38623961D7E00A82BB9 /* NoticeCell.xib in Resources */,
				06CF638B23CC6C9000F95329 /* FAQ.png in Resources */,
				83D0FE4023BCA14900688924 /* Comfortaa-Medium.ttf in Resources */,
				065E904523E81CFA0083C1BD /* menu@3x.png in Resources */,
				83D0FE4223BCA14900688924 /* Comfortaa-Light.ttf in Resources */,
				06EC9F1D2396734A00474EE3 /* HomeTaskCell.xib in Resources */,
				83D0FE4723BCB0E900688924 /* headerEllipse.png in Resources */,
				06CB382023CD7636004F8162 /* Promotion@3x.png in Resources */,
				06CF639523CC874900F95329 /* Promotion.png in Resources */,
				06CB382223CD7636004F8162 /* Profile@3x.png in Resources */,
				06863F8123E90EB1003F1817 /* makhuyenmai.png in Resources */,
				83D0FE5C23BCC4A500688924 /* Roboto-Thin.ttf in Resources */,
				064B1FA823C70529006DC513 /* select.png in Resources */,
				83D0FE5E23BCC4A500688924 /* Roboto-ThinItalic.ttf in Resources */,
				83D0FE4123BCA14900688924 /* Comfortaa-Regular.ttf in Resources */,
				CE717E2A23D0588E007C5ACC /* Polygon 7.png in Resources */,
				06CF639D23CC8C8500F95329 /* Promotion@2x.png in Resources */,
				06831E2D23D6FAEE0059A123 /* unrate@3x.png in Resources */,
				83D0FE4323BCA14900688924 /* Comfortaa-Bold.ttf in Resources */,
				06CF5D0D23B5EFF20066A551 /* backbutton.png in Resources */,
				83D0FE5A23BCC4A500688924 /* Roboto-BoldItalic.ttf in Resources */,
				83D0FE4523BCACB000688924 /* buttonrect.png in Resources */,
				06EC9F222396784100474EE3 /* HomePromotionCell.xib in Resources */,
				0667ECA623B47867004AAA5E /* welcome.png in Resources */,
				06ED4C1623A0FD130072EB15 /* DaySelectionCell.xib in Resources */,
			);
			runOnlyForDeploymentPostprocessing = 0;
		};
/* End PBXResourcesBuildPhase section */

/* Begin PBXShellScriptBuildPhase section */
		060B2343A17018BCDB5FA520 /* [CP] Check Pods Manifest.lock */ = {
			isa = PBXShellScriptBuildPhase;
			buildActionMask = 2147483647;
			files = (
			);
			inputFileListPaths = (
			);
			inputPaths = (
				"${PODS_PODFILE_DIR_PATH}/Podfile.lock",
				"${PODS_ROOT}/Manifest.lock",
			);
			name = "[CP] Check Pods Manifest.lock";
			outputFileListPaths = (
			);
			outputPaths = (
				"$(DERIVED_FILE_DIR)/Pods-JupViec-checkManifestLockResult.txt",
			);
			runOnlyForDeploymentPostprocessing = 0;
			shellPath = /bin/sh;
			shellScript = "diff \"${PODS_PODFILE_DIR_PATH}/Podfile.lock\" \"${PODS_ROOT}/Manifest.lock\" > /dev/null\nif [ $? != 0 ] ; then\n    # print error to STDERR\n    echo \"error: The sandbox is not in sync with the Podfile.lock. Run 'pod install' or update your CocoaPods installation.\" >&2\n    exit 1\nfi\n# This output is used by Xcode 'outputs' to avoid re-running this script phase.\necho \"SUCCESS\" > \"${SCRIPT_OUTPUT_FILE_0}\"\n";
			showEnvVarsInLog = 0;
		};
		3289EA19A54D71994E58DC47 /* [CP] Copy Pods Resources */ = {
			isa = PBXShellScriptBuildPhase;
			buildActionMask = 2147483647;
			files = (
			);
			inputFileListPaths = (
				"${PODS_ROOT}/Target Support Files/Pods-JupViec/Pods-JupViec-resources-${CONFIGURATION}-input-files.xcfilelist",
			);
			name = "[CP] Copy Pods Resources";
			outputFileListPaths = (
				"${PODS_ROOT}/Target Support Files/Pods-JupViec/Pods-JupViec-resources-${CONFIGURATION}-output-files.xcfilelist",
			);
			runOnlyForDeploymentPostprocessing = 0;
			shellPath = /bin/sh;
			shellScript = "\"${PODS_ROOT}/Target Support Files/Pods-JupViec/Pods-JupViec-resources.sh\"\n";
			showEnvVarsInLog = 0;
		};
		8ECFA701C9CC632EFB363205 /* [CP] Embed Pods Frameworks */ = {
			isa = PBXShellScriptBuildPhase;
			buildActionMask = 2147483647;
			files = (
			);
			inputFileListPaths = (
				"${PODS_ROOT}/Target Support Files/Pods-JupViec/Pods-JupViec-frameworks-${CONFIGURATION}-input-files.xcfilelist",
			);
			name = "[CP] Embed Pods Frameworks";
			outputFileListPaths = (
				"${PODS_ROOT}/Target Support Files/Pods-JupViec/Pods-JupViec-frameworks-${CONFIGURATION}-output-files.xcfilelist",
			);
			runOnlyForDeploymentPostprocessing = 0;
			shellPath = /bin/sh;
			shellScript = "\"${PODS_ROOT}/Target Support Files/Pods-JupViec/Pods-JupViec-frameworks.sh\"\n";
			showEnvVarsInLog = 0;
		};
/* End PBXShellScriptBuildPhase section */

/* Begin PBXSourcesBuildPhase section */
		0658BEB0238FAC7800CBBAD1 /* Sources */ = {
			isa = PBXSourcesBuildPhase;
			buildActionMask = 2147483647;
			files = (
				0612A39C239657E700A82BB9 /* InformationDetailViewController.m in Sources */,
				0612A3992396531500A82BB9 /* NoticeDetailViewController.m in Sources */,
				06222E27239E4A7200AE24C5 /* PopupView.m in Sources */,
				063A1C4023BDA53F00456CBC /* JButton.m in Sources */,
				0601E49C238FAEF000403C95 /* SignInViewController.m in Sources */,
				0612A384239617DA00A82BB9 /* InformationViewController.m in Sources */,
				06CF638323CC555C00F95329 /* JTextField.m in Sources */,
				0695AD0923D013AA0056C7B2 /* LoadingViewController.m in Sources */,
				06B1F32D23B6101400B70CEE /* JLabel.m in Sources */,
				06DFA80223A9C69F00FBE763 /* JUntil.m in Sources */,
				06ED4C1423A0EDE90072EB15 /* TimeSelectionTableViewCell.m in Sources */,
				0658BEBC238FAC7800CBBAD1 /* ViewController.m in Sources */,
				06CF5D1023B5FE880066A551 /* JTableView.m in Sources */,
				0612A380239617C100A82BB9 /* NoticeViewController.m in Sources */,
				0633A78A239113080094219D /* OTPCheckViewController.m in Sources */,
				06CF5D0823B5EF860066A551 /* JNavigationBar.m in Sources */,
				0668482A239F9DC900A463A7 /* DateTimePickerPopupController.m in Sources */,
				CEFD75B22394FAD80040699B /* CreatePasswordViewController.m in Sources */,
				06EC9F2D23968C7000474EE3 /* HomePromotionHeaderViewCell.m in Sources */,
				06B620BD2397B3930036DCF9 /* HomePromotionCollectionViewCell.m in Sources */,
				0658BEC7238FAC7800CBBAD1 /* main.m in Sources */,
				CE717E2D23D0685A007C5ACC /* FeedbackViewController.m in Sources */,
				068DDEF32399144C009484E7 /* PlaceOrderCommonTableViewCell.m in Sources */,
				06FEA1E42394CC0E005D58B9 /* HistoryTableViewCell.m in Sources */,
				06CF5D0523B5EF760066A551 /* JViewController.m in Sources */,
				06EC9F252396786100474EE3 /* HomePromotionTableViewCell.m in Sources */,
				06CF638723CC646F00F95329 /* JAlertPopupController.m in Sources */,
				0658BEB9238FAC7800CBBAD1 /* AppDelegate.m in Sources */,
				0601E49D238FAEF000403C95 /* WelcomeViewController.m in Sources */,
				06FEA1DF2394BCC0005D58B9 /* HistoryViewController.m in Sources */,
				0612A38E23961DB900A82BB9 /* CouponTableViewCell.m in Sources */,
				CE344EAD23CF1F1100824260 /* FAQViewController.m in Sources */,
				CEA83F1723911F60001C1512 /* APIRequest.m in Sources */,
				068DDEED23990D8C009484E7 /* PlaceOrderViewController.m in Sources */,
				CEA0919623A79D7300D2502F /* EditAccountInfoViewController.m in Sources */,
				066F890F23C719A8008C9844 /* ExtendServicePopupController.m in Sources */,
				06FD73C123A2527F00528A00 /* DayLabel.m in Sources */,
				06222E24239E489C00AE24C5 /* TextDetailPopupController.m in Sources */,
				CEA0919323A796FA00D2502F /* AccountInfoViewController.m in Sources */,
				CEA83F1B239120BE001C1512 /* User.m in Sources */,
				0612A393239621F500A82BB9 /* InformationTableViewCell.m in Sources */,
				06DFA80623AB8B6C00FBE763 /* RateViewController.m in Sources */,
				06EC9F202396736200474EE3 /* HomeTaskTableViewCell.m in Sources */,
				0633A786239109E60094219D /* HomeViewController.m in Sources */,
				064B1FB023C70A6D006DC513 /* ServiceCell.m in Sources */,
				0612A38B23961DA800A82BB9 /* NoticeTableViewCell.m in Sources */,
				CE344EA923CF03A800824260 /* FAQTableViewCell.m in Sources */,
				831705F723B7710600A3493E /* JView.m in Sources */,
				067A399023A88ABC00740FA3 /* ConfirmOrderViewController.m in Sources */,
				06ED4C1923A0FD220072EB15 /* DaySelectionTableViewCell.m in Sources */,
				06CF5D0B23B5EF9A0066A551 /* JNavigationViewController.m in Sources */,
				064B1FA323C70445006DC513 /* ExtentServiceTableViewCell.m in Sources */,
				06FEA1E8239544F2005D58B9 /* DetailOrderViewController.m in Sources */,
				06CF5D1323B601670066A551 /* JTextView.m in Sources */,
				06D6BF19239E39B000AB52DB /* MapsViewController.m in Sources */,
				8375E7E023BA4ED9008595FD /* LoginButton.m in Sources */,
				06222E2A239E64F100AE24C5 /* Order.m in Sources */,
				0633A793239117E00094219D /* LoginWithPasswordViewController.m in Sources */,
			);
			runOnlyForDeploymentPostprocessing = 0;
		};
/* End PBXSourcesBuildPhase section */

/* Begin PBXVariantGroup section */
		0658BEBD238FAC7800CBBAD1 /* Main.storyboard */ = {
			isa = PBXVariantGroup;
			children = (
				0658BEBE238FAC7800CBBAD1 /* Base */,
			);
			name = Main.storyboard;
			sourceTree = "<group>";
		};
		0658BEC2238FAC7800CBBAD1 /* LaunchScreen.storyboard */ = {
			isa = PBXVariantGroup;
			children = (
				0658BEC3238FAC7800CBBAD1 /* Base */,
			);
			name = LaunchScreen.storyboard;
			sourceTree = "<group>";
		};
/* End PBXVariantGroup section */

/* Begin XCBuildConfiguration section */
		0658BEC8238FAC7800CBBAD1 /* Debug */ = {
			isa = XCBuildConfiguration;
			buildSettings = {
				ALWAYS_SEARCH_USER_PATHS = NO;
				CLANG_ANALYZER_NONNULL = YES;
				CLANG_ANALYZER_NUMBER_OBJECT_CONVERSION = YES_AGGRESSIVE;
				CLANG_CXX_LANGUAGE_STANDARD = "gnu++14";
				CLANG_CXX_LIBRARY = "libc++";
				CLANG_ENABLE_MODULES = YES;
				CLANG_ENABLE_OBJC_ARC = YES;
				CLANG_ENABLE_OBJC_WEAK = YES;
				CLANG_WARN_BLOCK_CAPTURE_AUTORELEASING = YES;
				CLANG_WARN_BOOL_CONVERSION = YES;
				CLANG_WARN_COMMA = YES;
				CLANG_WARN_CONSTANT_CONVERSION = YES;
				CLANG_WARN_DEPRECATED_OBJC_IMPLEMENTATIONS = YES;
				CLANG_WARN_DIRECT_OBJC_ISA_USAGE = YES_ERROR;
				CLANG_WARN_DOCUMENTATION_COMMENTS = YES;
				CLANG_WARN_EMPTY_BODY = YES;
				CLANG_WARN_ENUM_CONVERSION = YES;
				CLANG_WARN_INFINITE_RECURSION = YES;
				CLANG_WARN_INT_CONVERSION = YES;
				CLANG_WARN_NON_LITERAL_NULL_CONVERSION = YES;
				CLANG_WARN_OBJC_IMPLICIT_RETAIN_SELF = YES;
				CLANG_WARN_OBJC_LITERAL_CONVERSION = YES;
				CLANG_WARN_OBJC_ROOT_CLASS = YES_ERROR;
				CLANG_WARN_RANGE_LOOP_ANALYSIS = YES;
				CLANG_WARN_STRICT_PROTOTYPES = YES;
				CLANG_WARN_SUSPICIOUS_MOVE = YES;
				CLANG_WARN_UNGUARDED_AVAILABILITY = YES_AGGRESSIVE;
				CLANG_WARN_UNREACHABLE_CODE = YES;
				CLANG_WARN__DUPLICATE_METHOD_MATCH = YES;
				CODE_SIGN_IDENTITY = "iPhone Developer";
				COPY_PHASE_STRIP = NO;
				DEBUG_INFORMATION_FORMAT = dwarf;
				DEFINES_MODULE = YES;
				ENABLE_STRICT_OBJC_MSGSEND = YES;
				ENABLE_TESTABILITY = YES;
				GCC_C_LANGUAGE_STANDARD = gnu11;
				GCC_DYNAMIC_NO_PIC = NO;
				GCC_NO_COMMON_BLOCKS = YES;
				GCC_OPTIMIZATION_LEVEL = 0;
				GCC_PREPROCESSOR_DEFINITIONS = (
					"DEBUG=1",
					"$(inherited)",
				);
				GCC_WARN_64_TO_32_BIT_CONVERSION = YES;
				GCC_WARN_ABOUT_RETURN_TYPE = YES_ERROR;
				GCC_WARN_UNDECLARED_SELECTOR = YES;
				GCC_WARN_UNINITIALIZED_AUTOS = YES_AGGRESSIVE;
				GCC_WARN_UNUSED_FUNCTION = YES;
				GCC_WARN_UNUSED_VARIABLE = YES;
				IPHONEOS_DEPLOYMENT_TARGET = 10.0;
				MTL_ENABLE_DEBUG_INFO = INCLUDE_SOURCE;
				MTL_FAST_MATH = YES;
				ONLY_ACTIVE_ARCH = YES;
				SDKROOT = iphoneos;
			};
			name = Debug;
		};
		0658BEC9238FAC7800CBBAD1 /* Release */ = {
			isa = XCBuildConfiguration;
			buildSettings = {
				ALWAYS_SEARCH_USER_PATHS = NO;
				CLANG_ANALYZER_NONNULL = YES;
				CLANG_ANALYZER_NUMBER_OBJECT_CONVERSION = YES_AGGRESSIVE;
				CLANG_CXX_LANGUAGE_STANDARD = "gnu++14";
				CLANG_CXX_LIBRARY = "libc++";
				CLANG_ENABLE_MODULES = YES;
				CLANG_ENABLE_OBJC_ARC = YES;
				CLANG_ENABLE_OBJC_WEAK = YES;
				CLANG_WARN_BLOCK_CAPTURE_AUTORELEASING = YES;
				CLANG_WARN_BOOL_CONVERSION = YES;
				CLANG_WARN_COMMA = YES;
				CLANG_WARN_CONSTANT_CONVERSION = YES;
				CLANG_WARN_DEPRECATED_OBJC_IMPLEMENTATIONS = YES;
				CLANG_WARN_DIRECT_OBJC_ISA_USAGE = YES_ERROR;
				CLANG_WARN_DOCUMENTATION_COMMENTS = YES;
				CLANG_WARN_EMPTY_BODY = YES;
				CLANG_WARN_ENUM_CONVERSION = YES;
				CLANG_WARN_INFINITE_RECURSION = YES;
				CLANG_WARN_INT_CONVERSION = YES;
				CLANG_WARN_NON_LITERAL_NULL_CONVERSION = YES;
				CLANG_WARN_OBJC_IMPLICIT_RETAIN_SELF = YES;
				CLANG_WARN_OBJC_LITERAL_CONVERSION = YES;
				CLANG_WARN_OBJC_ROOT_CLASS = YES_ERROR;
				CLANG_WARN_RANGE_LOOP_ANALYSIS = YES;
				CLANG_WARN_STRICT_PROTOTYPES = YES;
				CLANG_WARN_SUSPICIOUS_MOVE = YES;
				CLANG_WARN_UNGUARDED_AVAILABILITY = YES_AGGRESSIVE;
				CLANG_WARN_UNREACHABLE_CODE = YES;
				CLANG_WARN__DUPLICATE_METHOD_MATCH = YES;
				CODE_SIGN_IDENTITY = "iPhone Developer";
				COPY_PHASE_STRIP = NO;
				DEBUG_INFORMATION_FORMAT = "dwarf-with-dsym";
				DEFINES_MODULE = YES;
				ENABLE_NS_ASSERTIONS = NO;
				ENABLE_STRICT_OBJC_MSGSEND = YES;
				GCC_C_LANGUAGE_STANDARD = gnu11;
				GCC_NO_COMMON_BLOCKS = YES;
				GCC_WARN_64_TO_32_BIT_CONVERSION = YES;
				GCC_WARN_ABOUT_RETURN_TYPE = YES_ERROR;
				GCC_WARN_UNDECLARED_SELECTOR = YES;
				GCC_WARN_UNINITIALIZED_AUTOS = YES_AGGRESSIVE;
				GCC_WARN_UNUSED_FUNCTION = YES;
				GCC_WARN_UNUSED_VARIABLE = YES;
				IPHONEOS_DEPLOYMENT_TARGET = 10.0;
				MTL_ENABLE_DEBUG_INFO = NO;
				MTL_FAST_MATH = YES;
				SDKROOT = iphoneos;
				VALIDATE_PRODUCT = YES;
			};
			name = Release;
		};
		0658BECB238FAC7800CBBAD1 /* Debug */ = {
			isa = XCBuildConfiguration;
			baseConfigurationReference = 4F3649E165524B914C1FE02A /* Pods-JupViec.debug.xcconfig */;
			buildSettings = {
				ASSETCATALOG_COMPILER_APPICON_NAME = AppIcon;
				CLANG_ENABLE_MODULES = YES;
				CODE_SIGN_ENTITLEMENTS = JupViec/JupViec.entitlements;
				CODE_SIGN_STYLE = Automatic;
				DEVELOPMENT_TEAM = KREB2MXHVA;
				INFOPLIST_FILE = JupViec/Info.plist;
				LD_RUNPATH_SEARCH_PATHS = (
					"$(inherited)",
					"@executable_path/Frameworks",
				);
				PRODUCT_BUNDLE_IDENTIFIER = com.olala.jupviec;
				PRODUCT_NAME = "$(TARGET_NAME)";
				SWIFT_OBJC_BRIDGING_HEADER = "Until/JupViec-Bridging-Header.h";
				SWIFT_OPTIMIZATION_LEVEL = "-Onone";
				SWIFT_VERSION = 5.0;
				TARGETED_DEVICE_FAMILY = "1,2";
			};
			name = Debug;
		};
		0658BECC238FAC7800CBBAD1 /* Release */ = {
			isa = XCBuildConfiguration;
			baseConfigurationReference = C5473C782A87585FD2C38DA3 /* Pods-JupViec.release.xcconfig */;
			buildSettings = {
				ASSETCATALOG_COMPILER_APPICON_NAME = AppIcon;
				CLANG_ENABLE_MODULES = YES;
				CODE_SIGN_ENTITLEMENTS = JupViec/JupViec.entitlements;
				CODE_SIGN_STYLE = Automatic;
				DEVELOPMENT_TEAM = KREB2MXHVA;
				INFOPLIST_FILE = JupViec/Info.plist;
				LD_RUNPATH_SEARCH_PATHS = (
					"$(inherited)",
					"@executable_path/Frameworks",
				);
				PRODUCT_BUNDLE_IDENTIFIER = com.olala.jupviec;
				PRODUCT_NAME = "$(TARGET_NAME)";
				SWIFT_OBJC_BRIDGING_HEADER = "Until/JupViec-Bridging-Header.h";
				SWIFT_VERSION = 5.0;
				TARGETED_DEVICE_FAMILY = "1,2";
			};
			name = Release;
		};
/* End XCBuildConfiguration section */

/* Begin XCConfigurationList section */
		0658BEAF238FAC7800CBBAD1 /* Build configuration list for PBXProject "JupViec" */ = {
			isa = XCConfigurationList;
			buildConfigurations = (
				0658BEC8238FAC7800CBBAD1 /* Debug */,
				0658BEC9238FAC7800CBBAD1 /* Release */,
			);
			defaultConfigurationIsVisible = 0;
			defaultConfigurationName = Release;
		};
		0658BECA238FAC7800CBBAD1 /* Build configuration list for PBXNativeTarget "JupViec" */ = {
			isa = XCConfigurationList;
			buildConfigurations = (
				0658BECB238FAC7800CBBAD1 /* Debug */,
				0658BECC238FAC7800CBBAD1 /* Release */,
			);
			defaultConfigurationIsVisible = 0;
			defaultConfigurationName = Release;
		};
/* End XCConfigurationList section */
	};
	rootObject = 0658BEAC238FAC7800CBBAD1 /* Project object */;
}
